// !$*UTF8*$!
{
	archiveVersion = 1;
	classes = {
	};
	objectVersion = 46;
	objects = {

/* Begin PBXBuildFile section */
		A99FB67E1F18673700D6C447 /* MHBaseNavigationBar.m in Sources */ = {isa = PBXBuildFile; fileRef = A99FB67C1F18673700D6C447 /* MHBaseNavigationBar.m */; };
		A99FB67F1F18673700D6C447 /* MHBaseNavigationBar.xib in Resources */ = {isa = PBXBuildFile; fileRef = A99FB67D1F18673700D6C447 /* MHBaseNavigationBar.xib */; };
		A99FB6821F186B5A00D6C447 /* HomeNavView.m in Sources */ = {isa = PBXBuildFile; fileRef = A99FB6811F186B5A00D6C447 /* HomeNavView.m */; };
		A99FB6861F186CDA00D6C447 /* UIColor+Common.m in Sources */ = {isa = PBXBuildFile; fileRef = A99FB6851F186CDA00D6C447 /* UIColor+Common.m */; };
		A99FB6891F186E2000D6C447 /* UIView+UIViewAdditions.m in Sources */ = {isa = PBXBuildFile; fileRef = A99FB6881F186E2000D6C447 /* UIView+UIViewAdditions.m */; };
		A99FB68C1F186EA100D6C447 /* UIView+Extension.m in Sources */ = {isa = PBXBuildFile; fileRef = A99FB68B1F186EA100D6C447 /* UIView+Extension.m */; };
		A99FB68F1F1872E700D6C447 /* CustomDiviceView.m in Sources */ = {isa = PBXBuildFile; fileRef = A99FB68E1F1872E700D6C447 /* CustomDiviceView.m */; };
		A99FB6921F18736800D6C447 /* RootObjectModel.m in Sources */ = {isa = PBXBuildFile; fileRef = A99FB6911F18736800D6C447 /* RootObjectModel.m */; };
		A99FB6951F18764200D6C447 /* LXButton.m in Sources */ = {isa = PBXBuildFile; fileRef = A99FB6941F18764200D6C447 /* LXButton.m */; };
		A99FB6981F1A159C00D6C447 /* FocusTableViewCell.m in Sources */ = {isa = PBXBuildFile; fileRef = A99FB6971F1A159C00D6C447 /* FocusTableViewCell.m */; };
		A99FB69B1F1A27CA00D6C447 /* FocusRecommentTableViewCell.m in Sources */ = {isa = PBXBuildFile; fileRef = A99FB69A1F1A27CA00D6C447 /* FocusRecommentTableViewCell.m */; };
		A99FB69E1F1A2C6400D6C447 /* RecommentCardCell.m in Sources */ = {isa = PBXBuildFile; fileRef = A99FB69D1F1A2C6400D6C447 /* RecommentCardCell.m */; };
		A99FB6A91F1AEEEA00D6C447 /* MHCollectionViewFlowLayout.m in Sources */ = {isa = PBXBuildFile; fileRef = A99FB6A81F1AEEEA00D6C447 /* MHCollectionViewFlowLayout.m */; };
		A99FB6AC1F1AF31000D6C447 /* MHMineHeaderCollectionReusableView.m in Sources */ = {isa = PBXBuildFile; fileRef = A99FB6AB1F1AF31000D6C447 /* MHMineHeaderCollectionReusableView.m */; };
		A99FB6B01F1AF41200D6C447 /* MineCollectionViewCell.m in Sources */ = {isa = PBXBuildFile; fileRef = A99FB6AE1F1AF41200D6C447 /* MineCollectionViewCell.m */; };
		A99FB6B11F1AF41200D6C447 /* MineCollectionViewCell.xib in Resources */ = {isa = PBXBuildFile; fileRef = A99FB6AF1F1AF41200D6C447 /* MineCollectionViewCell.xib */; };
		A99FB6B31F1AF57200D6C447 /* MHMineHeaderCollectionReusableView.xib in Resources */ = {isa = PBXBuildFile; fileRef = A99FB6B21F1AF57200D6C447 /* MHMineHeaderCollectionReusableView.xib */; };
		A99FB6B71F1AFA6000D6C447 /* CellSPaceCollectionReusableView.m in Sources */ = {isa = PBXBuildFile; fileRef = A99FB6B51F1AFA6000D6C447 /* CellSPaceCollectionReusableView.m */; };
		A99FB6B81F1AFA6000D6C447 /* CellSPaceCollectionReusableView.xib in Resources */ = {isa = PBXBuildFile; fileRef = A99FB6B61F1AFA6000D6C447 /* CellSPaceCollectionReusableView.xib */; };
		A9DA46041F1630CA00E3DB17 /* main.m in Sources */ = {isa = PBXBuildFile; fileRef = A9DA46031F1630CA00E3DB17 /* main.m */; };
		A9DA46071F1630CA00E3DB17 /* AppDelegate.m in Sources */ = {isa = PBXBuildFile; fileRef = A9DA46061F1630CA00E3DB17 /* AppDelegate.m */; };
		A9DA460F1F1630CA00E3DB17 /* Assets.xcassets in Resources */ = {isa = PBXBuildFile; fileRef = A9DA460E1F1630CA00E3DB17 /* Assets.xcassets */; };
		A9DA46121F1630CA00E3DB17 /* LaunchScreen.storyboard in Resources */ = {isa = PBXBuildFile; fileRef = A9DA46101F1630CA00E3DB17 /* LaunchScreen.storyboard */; };
		A9DDC3201F163FCD00CFB5F3 /* MainViewController.m in Sources */ = {isa = PBXBuildFile; fileRef = A9DDC31F1F163FCD00CFB5F3 /* MainViewController.m */; };
		A9DDC3331F16430000CFB5F3 /* RootFocusViewController.m in Sources */ = {isa = PBXBuildFile; fileRef = A9DDC3321F16430000CFB5F3 /* RootFocusViewController.m */; };
		A9DDC3361F1643E800CFB5F3 /* RootHeaderViewController.m in Sources */ = {isa = PBXBuildFile; fileRef = A9DDC3351F1643E800CFB5F3 /* RootHeaderViewController.m */; };
		A9DDC3391F16443400CFB5F3 /* RootFindeViewController.m in Sources */ = {isa = PBXBuildFile; fileRef = A9DDC3381F16443400CFB5F3 /* RootFindeViewController.m */; };
		A9DDC33C1F16444900CFB5F3 /* RootMineViewController.m in Sources */ = {isa = PBXBuildFile; fileRef = A9DDC33B1F16444900CFB5F3 /* RootMineViewController.m */; };
		A9DDC33F1F16499100CFB5F3 /* BaseViewController.m in Sources */ = {isa = PBXBuildFile; fileRef = A9DDC33E1F16499100CFB5F3 /* BaseViewController.m */; };
		A9DDC3411F164FFB00CFB5F3 /* Main.storyboard in Resources */ = {isa = PBXBuildFile; fileRef = A9DDC3401F164FFB00CFB5F3 /* Main.storyboard */; };
		E4B1833D8426DB219D7C009A /* libPods-shenbianapp.a in Frameworks */ = {isa = PBXBuildFile; fileRef = 75880CF1E4E8A7C0152AF9D9 /* libPods-shenbianapp.a */; };
		FD17740F1F492A4A00476D98 /* CHBasePresentViewController.m in Sources */ = {isa = PBXBuildFile; fileRef = FD17740E1F492A4A00476D98 /* CHBasePresentViewController.m */; };
		FD1774121F492A6500476D98 /* CHBaseNavgationViewController.m in Sources */ = {isa = PBXBuildFile; fileRef = FD1774111F492A6500476D98 /* CHBaseNavgationViewController.m */; };
		FD1774201F4955B000476D98 /* UIView+Dashline.m in Sources */ = {isa = PBXBuildFile; fileRef = FD17741F1F4955B000476D98 /* UIView+Dashline.m */; };
		FD1DCEA91F5A61C500136B3D /* CHCategoryItemModel.m in Sources */ = {isa = PBXBuildFile; fileRef = FD1DCEA81F5A61C500136B3D /* CHCategoryItemModel.m */; };
		FD1DCEAC1F5A694000136B3D /* CHCategoryCollectionViewCell.m in Sources */ = {isa = PBXBuildFile; fileRef = FD1DCEAB1F5A694000136B3D /* CHCategoryCollectionViewCell.m */; };
		FD1DCEAF1F5A8F8500136B3D /* CHMapView.m in Sources */ = {isa = PBXBuildFile; fileRef = FD1DCEAE1F5A8F8500136B3D /* CHMapView.m */; };
		FD1DCEB21F5AA99C00136B3D /* CHOverbalanceView.m in Sources */ = {isa = PBXBuildFile; fileRef = FD1DCEB11F5AA99C00136B3D /* CHOverbalanceView.m */; };
		FD1DCEB51F5AAD2D00136B3D /* CHOverbalanceCollectionViewCell.m in Sources */ = {isa = PBXBuildFile; fileRef = FD1DCEB41F5AAD2D00136B3D /* CHOverbalanceCollectionViewCell.m */; };
		FD1DCEB81F5AAD6400136B3D /* CHOverbalanceModel.m in Sources */ = {isa = PBXBuildFile; fileRef = FD1DCEB71F5AAD6400136B3D /* CHOverbalanceModel.m */; };
		FD4611981F483601005D4FF6 /* HQTabBar.m in Sources */ = {isa = PBXBuildFile; fileRef = FD4611971F483601005D4FF6 /* HQTabBar.m */; };
		FD5919301F63167900FD7913 /* CHLoginViewController.m in Sources */ = {isa = PBXBuildFile; fileRef = FD59192F1F63167900FD7913 /* CHLoginViewController.m */; };
		FD9448A91F52D82E001FC5CD /* CHBaseViewCModel.m in Sources */ = {isa = PBXBuildFile; fileRef = FD9448A81F52D82E001FC5CD /* CHBaseViewCModel.m */; };
		FD9448AD1F52EE3D001FC5CD /* CHNetWorkHelper.m in Sources */ = {isa = PBXBuildFile; fileRef = FD9448AC1F52EE3D001FC5CD /* CHNetWorkHelper.m */; };
		FDB516A61F5C19D000FE6196 /* CHMerchantView.m in Sources */ = {isa = PBXBuildFile; fileRef = FDB516A51F5C19D000FE6196 /* CHMerchantView.m */; };
		FDB516A91F5C1CCD00FE6196 /* CHMerchentModel.m in Sources */ = {isa = PBXBuildFile; fileRef = FDB516A81F5C1CCD00FE6196 /* CHMerchentModel.m */; };
		FDB516AC1F5C1EA700FE6196 /* CHMerchentTableViewCell.m in Sources */ = {isa = PBXBuildFile; fileRef = FDB516AB1F5C1EA700FE6196 /* CHMerchentTableViewCell.m */; };
		FDC360701F483D9E00AC4A81 /* CHPublishViewController.m in Sources */ = {isa = PBXBuildFile; fileRef = FDC3606F1F483D9E00AC4A81 /* CHPublishViewController.m */; };
		FDC360731F484DA700AC4A81 /* CHPublishArticleViewController.m in Sources */ = {isa = PBXBuildFile; fileRef = FDC360721F484DA700AC4A81 /* CHPublishArticleViewController.m */; };
		FDC360761F484DC700AC4A81 /* CHPublishServeViewController.m in Sources */ = {isa = PBXBuildFile; fileRef = FDC360751F484DC700AC4A81 /* CHPublishServeViewController.m */; };
/* End PBXBuildFile section */

/* Begin PBXFileReference section */
		581124BAB8EFB6F3CB2D9F2C /* Pods-shenbianapp.debug.xcconfig */ = {isa = PBXFileReference; includeInIndex = 1; lastKnownFileType = text.xcconfig; name = "Pods-shenbianapp.debug.xcconfig"; path = "Pods/Target Support Files/Pods-shenbianapp/Pods-shenbianapp.debug.xcconfig"; sourceTree = "<group>"; };
		75880CF1E4E8A7C0152AF9D9 /* libPods-shenbianapp.a */ = {isa = PBXFileReference; explicitFileType = archive.ar; includeInIndex = 0; path = "libPods-shenbianapp.a"; sourceTree = BUILT_PRODUCTS_DIR; };
		A99FB67B1F18673700D6C447 /* MHBaseNavigationBar.h */ = {isa = PBXFileReference; fileEncoding = 4; lastKnownFileType = sourcecode.c.h; path = MHBaseNavigationBar.h; sourceTree = "<group>"; };
		A99FB67C1F18673700D6C447 /* MHBaseNavigationBar.m */ = {isa = PBXFileReference; fileEncoding = 4; lastKnownFileType = sourcecode.c.objc; path = MHBaseNavigationBar.m; sourceTree = "<group>"; };
		A99FB67D1F18673700D6C447 /* MHBaseNavigationBar.xib */ = {isa = PBXFileReference; fileEncoding = 4; lastKnownFileType = file.xib; path = MHBaseNavigationBar.xib; sourceTree = "<group>"; };
		A99FB6801F186B5A00D6C447 /* HomeNavView.h */ = {isa = PBXFileReference; fileEncoding = 4; lastKnownFileType = sourcecode.c.h; path = HomeNavView.h; sourceTree = "<group>"; };
		A99FB6811F186B5A00D6C447 /* HomeNavView.m */ = {isa = PBXFileReference; fileEncoding = 4; lastKnownFileType = sourcecode.c.objc; path = HomeNavView.m; sourceTree = "<group>"; };
		A99FB6841F186CDA00D6C447 /* UIColor+Common.h */ = {isa = PBXFileReference; fileEncoding = 4; lastKnownFileType = sourcecode.c.h; path = "UIColor+Common.h"; sourceTree = "<group>"; };
		A99FB6851F186CDA00D6C447 /* UIColor+Common.m */ = {isa = PBXFileReference; fileEncoding = 4; lastKnownFileType = sourcecode.c.objc; path = "UIColor+Common.m"; sourceTree = "<group>"; };
		A99FB6871F186E2000D6C447 /* UIView+UIViewAdditions.h */ = {isa = PBXFileReference; fileEncoding = 4; lastKnownFileType = sourcecode.c.h; path = "UIView+UIViewAdditions.h"; sourceTree = "<group>"; };
		A99FB6881F186E2000D6C447 /* UIView+UIViewAdditions.m */ = {isa = PBXFileReference; fileEncoding = 4; lastKnownFileType = sourcecode.c.objc; path = "UIView+UIViewAdditions.m"; sourceTree = "<group>"; };
		A99FB68A1F186EA100D6C447 /* UIView+Extension.h */ = {isa = PBXFileReference; fileEncoding = 4; lastKnownFileType = sourcecode.c.h; path = "UIView+Extension.h"; sourceTree = "<group>"; };
		A99FB68B1F186EA100D6C447 /* UIView+Extension.m */ = {isa = PBXFileReference; fileEncoding = 4; lastKnownFileType = sourcecode.c.objc; path = "UIView+Extension.m"; sourceTree = "<group>"; };
		A99FB68D1F1872E700D6C447 /* CustomDiviceView.h */ = {isa = PBXFileReference; fileEncoding = 4; lastKnownFileType = sourcecode.c.h; path = CustomDiviceView.h; sourceTree = "<group>"; };
		A99FB68E1F1872E700D6C447 /* CustomDiviceView.m */ = {isa = PBXFileReference; fileEncoding = 4; lastKnownFileType = sourcecode.c.objc; path = CustomDiviceView.m; sourceTree = "<group>"; };
		A99FB6901F18736800D6C447 /* RootObjectModel.h */ = {isa = PBXFileReference; fileEncoding = 4; lastKnownFileType = sourcecode.c.h; path = RootObjectModel.h; sourceTree = "<group>"; };
		A99FB6911F18736800D6C447 /* RootObjectModel.m */ = {isa = PBXFileReference; fileEncoding = 4; lastKnownFileType = sourcecode.c.objc; path = RootObjectModel.m; sourceTree = "<group>"; };
		A99FB6931F18764200D6C447 /* LXButton.h */ = {isa = PBXFileReference; fileEncoding = 4; lastKnownFileType = sourcecode.c.h; path = LXButton.h; sourceTree = "<group>"; };
		A99FB6941F18764200D6C447 /* LXButton.m */ = {isa = PBXFileReference; fileEncoding = 4; lastKnownFileType = sourcecode.c.objc; path = LXButton.m; sourceTree = "<group>"; };
		A99FB6961F1A159C00D6C447 /* FocusTableViewCell.h */ = {isa = PBXFileReference; fileEncoding = 4; lastKnownFileType = sourcecode.c.h; path = FocusTableViewCell.h; sourceTree = "<group>"; };
		A99FB6971F1A159C00D6C447 /* FocusTableViewCell.m */ = {isa = PBXFileReference; fileEncoding = 4; lastKnownFileType = sourcecode.c.objc; path = FocusTableViewCell.m; sourceTree = "<group>"; };
		A99FB6991F1A27CA00D6C447 /* FocusRecommentTableViewCell.h */ = {isa = PBXFileReference; fileEncoding = 4; lastKnownFileType = sourcecode.c.h; path = FocusRecommentTableViewCell.h; sourceTree = "<group>"; };
		A99FB69A1F1A27CA00D6C447 /* FocusRecommentTableViewCell.m */ = {isa = PBXFileReference; fileEncoding = 4; lastKnownFileType = sourcecode.c.objc; path = FocusRecommentTableViewCell.m; sourceTree = "<group>"; };
		A99FB69C1F1A2C6400D6C447 /* RecommentCardCell.h */ = {isa = PBXFileReference; fileEncoding = 4; lastKnownFileType = sourcecode.c.h; path = RecommentCardCell.h; sourceTree = "<group>"; };
		A99FB69D1F1A2C6400D6C447 /* RecommentCardCell.m */ = {isa = PBXFileReference; fileEncoding = 4; lastKnownFileType = sourcecode.c.objc; path = RecommentCardCell.m; sourceTree = "<group>"; };
		A99FB6A71F1AEEEA00D6C447 /* MHCollectionViewFlowLayout.h */ = {isa = PBXFileReference; fileEncoding = 4; lastKnownFileType = sourcecode.c.h; path = MHCollectionViewFlowLayout.h; sourceTree = "<group>"; };
		A99FB6A81F1AEEEA00D6C447 /* MHCollectionViewFlowLayout.m */ = {isa = PBXFileReference; fileEncoding = 4; lastKnownFileType = sourcecode.c.objc; path = MHCollectionViewFlowLayout.m; sourceTree = "<group>"; };
		A99FB6AA1F1AF31000D6C447 /* MHMineHeaderCollectionReusableView.h */ = {isa = PBXFileReference; fileEncoding = 4; lastKnownFileType = sourcecode.c.h; path = MHMineHeaderCollectionReusableView.h; sourceTree = "<group>"; };
		A99FB6AB1F1AF31000D6C447 /* MHMineHeaderCollectionReusableView.m */ = {isa = PBXFileReference; fileEncoding = 4; lastKnownFileType = sourcecode.c.objc; path = MHMineHeaderCollectionReusableView.m; sourceTree = "<group>"; };
		A99FB6AD1F1AF41200D6C447 /* MineCollectionViewCell.h */ = {isa = PBXFileReference; fileEncoding = 4; lastKnownFileType = sourcecode.c.h; path = MineCollectionViewCell.h; sourceTree = "<group>"; };
		A99FB6AE1F1AF41200D6C447 /* MineCollectionViewCell.m */ = {isa = PBXFileReference; fileEncoding = 4; lastKnownFileType = sourcecode.c.objc; path = MineCollectionViewCell.m; sourceTree = "<group>"; };
		A99FB6AF1F1AF41200D6C447 /* MineCollectionViewCell.xib */ = {isa = PBXFileReference; fileEncoding = 4; lastKnownFileType = file.xib; path = MineCollectionViewCell.xib; sourceTree = "<group>"; };
		A99FB6B21F1AF57200D6C447 /* MHMineHeaderCollectionReusableView.xib */ = {isa = PBXFileReference; fileEncoding = 4; lastKnownFileType = file.xib; path = MHMineHeaderCollectionReusableView.xib; sourceTree = "<group>"; };
		A99FB6B41F1AFA6000D6C447 /* CellSPaceCollectionReusableView.h */ = {isa = PBXFileReference; fileEncoding = 4; lastKnownFileType = sourcecode.c.h; path = CellSPaceCollectionReusableView.h; sourceTree = "<group>"; };
		A99FB6B51F1AFA6000D6C447 /* CellSPaceCollectionReusableView.m */ = {isa = PBXFileReference; fileEncoding = 4; lastKnownFileType = sourcecode.c.objc; path = CellSPaceCollectionReusableView.m; sourceTree = "<group>"; };
		A99FB6B61F1AFA6000D6C447 /* CellSPaceCollectionReusableView.xib */ = {isa = PBXFileReference; fileEncoding = 4; lastKnownFileType = file.xib; path = CellSPaceCollectionReusableView.xib; sourceTree = "<group>"; };
		A9DA45FF1F1630CA00E3DB17 /* shenbianapp.app */ = {isa = PBXFileReference; explicitFileType = wrapper.application; includeInIndex = 0; path = shenbianapp.app; sourceTree = BUILT_PRODUCTS_DIR; };
		A9DA46031F1630CA00E3DB17 /* main.m */ = {isa = PBXFileReference; lastKnownFileType = sourcecode.c.objc; path = main.m; sourceTree = "<group>"; };
		A9DA46051F1630CA00E3DB17 /* AppDelegate.h */ = {isa = PBXFileReference; lastKnownFileType = sourcecode.c.h; path = AppDelegate.h; sourceTree = "<group>"; };
		A9DA46061F1630CA00E3DB17 /* AppDelegate.m */ = {isa = PBXFileReference; lastKnownFileType = sourcecode.c.objc; path = AppDelegate.m; sourceTree = "<group>"; };
		A9DA460E1F1630CA00E3DB17 /* Assets.xcassets */ = {isa = PBXFileReference; lastKnownFileType = folder.assetcatalog; path = Assets.xcassets; sourceTree = "<group>"; };
		A9DA46111F1630CA00E3DB17 /* Base */ = {isa = PBXFileReference; lastKnownFileType = file.storyboard; name = Base; path = Base.lproj/LaunchScreen.storyboard; sourceTree = "<group>"; };
		A9DA46131F1630CA00E3DB17 /* Info.plist */ = {isa = PBXFileReference; lastKnownFileType = text.plist.xml; path = Info.plist; sourceTree = "<group>"; };
		A9DA461C1F1630CA00E3DB17 /* shenbianappTests.m */ = {isa = PBXFileReference; lastKnownFileType = sourcecode.c.objc; path = shenbianappTests.m; sourceTree = "<group>"; };
		A9DA461E1F1630CA00E3DB17 /* Info.plist */ = {isa = PBXFileReference; lastKnownFileType = text.plist.xml; path = Info.plist; sourceTree = "<group>"; };
		A9DDC31D1F163B3A00CFB5F3 /* shenbianHeader.pch */ = {isa = PBXFileReference; lastKnownFileType = sourcecode.c.h; path = shenbianHeader.pch; sourceTree = "<group>"; };
		A9DDC31E1F163FCD00CFB5F3 /* MainViewController.h */ = {isa = PBXFileReference; fileEncoding = 4; lastKnownFileType = sourcecode.c.h; path = MainViewController.h; sourceTree = "<group>"; };
		A9DDC31F1F163FCD00CFB5F3 /* MainViewController.m */ = {isa = PBXFileReference; fileEncoding = 4; lastKnownFileType = sourcecode.c.objc; path = MainViewController.m; sourceTree = "<group>"; };
		A9DDC3311F16430000CFB5F3 /* RootFocusViewController.h */ = {isa = PBXFileReference; fileEncoding = 4; lastKnownFileType = sourcecode.c.h; name = RootFocusViewController.h; path = ../../tabbarItemOne/viewContrs/RootFocusViewController.h; sourceTree = "<group>"; };
		A9DDC3321F16430000CFB5F3 /* RootFocusViewController.m */ = {isa = PBXFileReference; fileEncoding = 4; lastKnownFileType = sourcecode.c.objc; name = RootFocusViewController.m; path = ../../tabbarItemOne/viewContrs/RootFocusViewController.m; sourceTree = "<group>"; };
		A9DDC3341F1643E800CFB5F3 /* RootHeaderViewController.h */ = {isa = PBXFileReference; fileEncoding = 4; lastKnownFileType = sourcecode.c.h; path = RootHeaderViewController.h; sourceTree = "<group>"; };
		A9DDC3351F1643E800CFB5F3 /* RootHeaderViewController.m */ = {isa = PBXFileReference; fileEncoding = 4; lastKnownFileType = sourcecode.c.objc; path = RootHeaderViewController.m; sourceTree = "<group>"; };
		A9DDC3371F16443400CFB5F3 /* RootFindeViewController.h */ = {isa = PBXFileReference; fileEncoding = 4; lastKnownFileType = sourcecode.c.h; path = RootFindeViewController.h; sourceTree = "<group>"; };
		A9DDC3381F16443400CFB5F3 /* RootFindeViewController.m */ = {isa = PBXFileReference; fileEncoding = 4; lastKnownFileType = sourcecode.c.objc; path = RootFindeViewController.m; sourceTree = "<group>"; };
		A9DDC33A1F16444900CFB5F3 /* RootMineViewController.h */ = {isa = PBXFileReference; fileEncoding = 4; lastKnownFileType = sourcecode.c.h; path = RootMineViewController.h; sourceTree = "<group>"; };
		A9DDC33B1F16444900CFB5F3 /* RootMineViewController.m */ = {isa = PBXFileReference; fileEncoding = 4; lastKnownFileType = sourcecode.c.objc; path = RootMineViewController.m; sourceTree = "<group>"; };
		A9DDC33D1F16499100CFB5F3 /* BaseViewController.h */ = {isa = PBXFileReference; fileEncoding = 4; lastKnownFileType = sourcecode.c.h; name = BaseViewController.h; path = ../BaseViewController.h; sourceTree = "<group>"; };
		A9DDC33E1F16499100CFB5F3 /* BaseViewController.m */ = {isa = PBXFileReference; fileEncoding = 4; lastKnownFileType = sourcecode.c.objc; name = BaseViewController.m; path = ../BaseViewController.m; sourceTree = "<group>"; };
		A9DDC3401F164FFB00CFB5F3 /* Main.storyboard */ = {isa = PBXFileReference; fileEncoding = 4; lastKnownFileType = file.storyboard; path = Main.storyboard; sourceTree = "<group>"; };
		D0437902C935BCE328CB8E82 /* Pods-shenbianapp.release.xcconfig */ = {isa = PBXFileReference; includeInIndex = 1; lastKnownFileType = text.xcconfig; name = "Pods-shenbianapp.release.xcconfig"; path = "Pods/Target Support Files/Pods-shenbianapp/Pods-shenbianapp.release.xcconfig"; sourceTree = "<group>"; };
		FD17740D1F492A4A00476D98 /* CHBasePresentViewController.h */ = {isa = PBXFileReference; fileEncoding = 4; lastKnownFileType = sourcecode.c.h; path = CHBasePresentViewController.h; sourceTree = "<group>"; };
		FD17740E1F492A4A00476D98 /* CHBasePresentViewController.m */ = {isa = PBXFileReference; fileEncoding = 4; lastKnownFileType = sourcecode.c.objc; path = CHBasePresentViewController.m; sourceTree = "<group>"; };
		FD1774101F492A6500476D98 /* CHBaseNavgationViewController.h */ = {isa = PBXFileReference; fileEncoding = 4; lastKnownFileType = sourcecode.c.h; path = CHBaseNavgationViewController.h; sourceTree = "<group>"; };
		FD1774111F492A6500476D98 /* CHBaseNavgationViewController.m */ = {isa = PBXFileReference; fileEncoding = 4; lastKnownFileType = sourcecode.c.objc; path = CHBaseNavgationViewController.m; sourceTree = "<group>"; };
		FD17741E1F4955B000476D98 /* UIView+Dashline.h */ = {isa = PBXFileReference; fileEncoding = 4; lastKnownFileType = sourcecode.c.h; path = "UIView+Dashline.h"; sourceTree = "<group>"; };
		FD17741F1F4955B000476D98 /* UIView+Dashline.m */ = {isa = PBXFileReference; fileEncoding = 4; lastKnownFileType = sourcecode.c.objc; path = "UIView+Dashline.m"; sourceTree = "<group>"; };
		FD1774211F4956E000476D98 /* CHExtension.h */ = {isa = PBXFileReference; lastKnownFileType = sourcecode.c.h; path = CHExtension.h; sourceTree = "<group>"; };
		FD1DCEA71F5A61C500136B3D /* CHCategoryItemModel.h */ = {isa = PBXFileReference; fileEncoding = 4; lastKnownFileType = sourcecode.c.h; path = CHCategoryItemModel.h; sourceTree = "<group>"; };
		FD1DCEA81F5A61C500136B3D /* CHCategoryItemModel.m */ = {isa = PBXFileReference; fileEncoding = 4; lastKnownFileType = sourcecode.c.objc; path = CHCategoryItemModel.m; sourceTree = "<group>"; };
		FD1DCEAA1F5A694000136B3D /* CHCategoryCollectionViewCell.h */ = {isa = PBXFileReference; fileEncoding = 4; lastKnownFileType = sourcecode.c.h; path = CHCategoryCollectionViewCell.h; sourceTree = "<group>"; };
		FD1DCEAB1F5A694000136B3D /* CHCategoryCollectionViewCell.m */ = {isa = PBXFileReference; fileEncoding = 4; lastKnownFileType = sourcecode.c.objc; path = CHCategoryCollectionViewCell.m; sourceTree = "<group>"; };
		FD1DCEAD1F5A8F8500136B3D /* CHMapView.h */ = {isa = PBXFileReference; fileEncoding = 4; lastKnownFileType = sourcecode.c.h; path = CHMapView.h; sourceTree = "<group>"; };
		FD1DCEAE1F5A8F8500136B3D /* CHMapView.m */ = {isa = PBXFileReference; fileEncoding = 4; lastKnownFileType = sourcecode.c.objc; path = CHMapView.m; sourceTree = "<group>"; };
		FD1DCEB01F5AA99C00136B3D /* CHOverbalanceView.h */ = {isa = PBXFileReference; fileEncoding = 4; lastKnownFileType = sourcecode.c.h; path = CHOverbalanceView.h; sourceTree = "<group>"; };
		FD1DCEB11F5AA99C00136B3D /* CHOverbalanceView.m */ = {isa = PBXFileReference; fileEncoding = 4; lastKnownFileType = sourcecode.c.objc; path = CHOverbalanceView.m; sourceTree = "<group>"; };
		FD1DCEB31F5AAD2D00136B3D /* CHOverbalanceCollectionViewCell.h */ = {isa = PBXFileReference; fileEncoding = 4; lastKnownFileType = sourcecode.c.h; path = CHOverbalanceCollectionViewCell.h; sourceTree = "<group>"; };
		FD1DCEB41F5AAD2D00136B3D /* CHOverbalanceCollectionViewCell.m */ = {isa = PBXFileReference; fileEncoding = 4; lastKnownFileType = sourcecode.c.objc; path = CHOverbalanceCollectionViewCell.m; sourceTree = "<group>"; };
		FD1DCEB61F5AAD6400136B3D /* CHOverbalanceModel.h */ = {isa = PBXFileReference; fileEncoding = 4; lastKnownFileType = sourcecode.c.h; path = CHOverbalanceModel.h; sourceTree = "<group>"; };
		FD1DCEB71F5AAD6400136B3D /* CHOverbalanceModel.m */ = {isa = PBXFileReference; fileEncoding = 4; lastKnownFileType = sourcecode.c.objc; path = CHOverbalanceModel.m; sourceTree = "<group>"; };
		FD4611961F483601005D4FF6 /* HQTabBar.h */ = {isa = PBXFileReference; fileEncoding = 4; lastKnownFileType = sourcecode.c.h; path = HQTabBar.h; sourceTree = "<group>"; };
		FD4611971F483601005D4FF6 /* HQTabBar.m */ = {isa = PBXFileReference; fileEncoding = 4; lastKnownFileType = sourcecode.c.objc; path = HQTabBar.m; sourceTree = "<group>"; };
		FD59192E1F63167900FD7913 /* CHLoginViewController.h */ = {isa = PBXFileReference; fileEncoding = 4; lastKnownFileType = sourcecode.c.h; path = CHLoginViewController.h; sourceTree = "<group>"; };
		FD59192F1F63167900FD7913 /* CHLoginViewController.m */ = {isa = PBXFileReference; fileEncoding = 4; lastKnownFileType = sourcecode.c.objc; path = CHLoginViewController.m; sourceTree = "<group>"; };
		FD9448A71F52D82E001FC5CD /* CHBaseViewCModel.h */ = {isa = PBXFileReference; fileEncoding = 4; lastKnownFileType = sourcecode.c.h; path = CHBaseViewCModel.h; sourceTree = "<group>"; };
		FD9448A81F52D82E001FC5CD /* CHBaseViewCModel.m */ = {isa = PBXFileReference; fileEncoding = 4; lastKnownFileType = sourcecode.c.objc; path = CHBaseViewCModel.m; sourceTree = "<group>"; };
		FD9448AB1F52EE3D001FC5CD /* CHNetWorkHelper.h */ = {isa = PBXFileReference; fileEncoding = 4; lastKnownFileType = sourcecode.c.h; path = CHNetWorkHelper.h; sourceTree = "<group>"; };
		FD9448AC1F52EE3D001FC5CD /* CHNetWorkHelper.m */ = {isa = PBXFileReference; fileEncoding = 4; lastKnownFileType = sourcecode.c.objc; path = CHNetWorkHelper.m; sourceTree = "<group>"; };
		FDB516A41F5C19D000FE6196 /* CHMerchantView.h */ = {isa = PBXFileReference; fileEncoding = 4; lastKnownFileType = sourcecode.c.h; path = CHMerchantView.h; sourceTree = "<group>"; };
		FDB516A51F5C19D000FE6196 /* CHMerchantView.m */ = {isa = PBXFileReference; fileEncoding = 4; lastKnownFileType = sourcecode.c.objc; path = CHMerchantView.m; sourceTree = "<group>"; };
		FDB516A71F5C1CCD00FE6196 /* CHMerchentModel.h */ = {isa = PBXFileReference; fileEncoding = 4; lastKnownFileType = sourcecode.c.h; path = CHMerchentModel.h; sourceTree = "<group>"; };
		FDB516A81F5C1CCD00FE6196 /* CHMerchentModel.m */ = {isa = PBXFileReference; fileEncoding = 4; lastKnownFileType = sourcecode.c.objc; path = CHMerchentModel.m; sourceTree = "<group>"; };
		FDB516AA1F5C1EA700FE6196 /* CHMerchentTableViewCell.h */ = {isa = PBXFileReference; fileEncoding = 4; lastKnownFileType = sourcecode.c.h; path = CHMerchentTableViewCell.h; sourceTree = "<group>"; };
		FDB516AB1F5C1EA700FE6196 /* CHMerchentTableViewCell.m */ = {isa = PBXFileReference; fileEncoding = 4; lastKnownFileType = sourcecode.c.objc; path = CHMerchentTableViewCell.m; sourceTree = "<group>"; };
		FDC3606E1F483D9E00AC4A81 /* CHPublishViewController.h */ = {isa = PBXFileReference; fileEncoding = 4; lastKnownFileType = sourcecode.c.h; path = CHPublishViewController.h; sourceTree = "<group>"; };
		FDC3606F1F483D9E00AC4A81 /* CHPublishViewController.m */ = {isa = PBXFileReference; fileEncoding = 4; lastKnownFileType = sourcecode.c.objc; path = CHPublishViewController.m; sourceTree = "<group>"; };
		FDC360711F484DA700AC4A81 /* CHPublishArticleViewController.h */ = {isa = PBXFileReference; fileEncoding = 4; lastKnownFileType = sourcecode.c.h; path = CHPublishArticleViewController.h; sourceTree = "<group>"; };
		FDC360721F484DA700AC4A81 /* CHPublishArticleViewController.m */ = {isa = PBXFileReference; fileEncoding = 4; lastKnownFileType = sourcecode.c.objc; path = CHPublishArticleViewController.m; sourceTree = "<group>"; };
		FDC360741F484DC700AC4A81 /* CHPublishServeViewController.h */ = {isa = PBXFileReference; fileEncoding = 4; lastKnownFileType = sourcecode.c.h; path = CHPublishServeViewController.h; sourceTree = "<group>"; };
		FDC360751F484DC700AC4A81 /* CHPublishServeViewController.m */ = {isa = PBXFileReference; fileEncoding = 4; lastKnownFileType = sourcecode.c.objc; path = CHPublishServeViewController.m; sourceTree = "<group>"; };
/* End PBXFileReference section */

/* Begin PBXFrameworksBuildPhase section */
		A9DA45FC1F1630C900E3DB17 /* Frameworks */ = {
			isa = PBXFrameworksBuildPhase;
			buildActionMask = 2147483647;
			files = (
				E4B1833D8426DB219D7C009A /* libPods-shenbianapp.a in Frameworks */,
			);
			runOnlyForDeploymentPostprocessing = 0;
		};
/* End PBXFrameworksBuildPhase section */

/* Begin PBXGroup section */
		1DD85C26A4B2B5437B4FC297 /* Pods */ = {
			isa = PBXGroup;
			children = (
				581124BAB8EFB6F3CB2D9F2C /* Pods-shenbianapp.debug.xcconfig */,
				D0437902C935BCE328CB8E82 /* Pods-shenbianapp.release.xcconfig */,
			);
			name = Pods;
			sourceTree = "<group>";
		};
		A99FB6831F186C9600D6C447 /* shenbianTools */ = {
			isa = PBXGroup;
			children = (
				A99FB6A71F1AEEEA00D6C447 /* MHCollectionViewFlowLayout.h */,
				A99FB6A81F1AEEEA00D6C447 /* MHCollectionViewFlowLayout.m */,
				A99FB6841F186CDA00D6C447 /* UIColor+Common.h */,
				A99FB6851F186CDA00D6C447 /* UIColor+Common.m */,
				A99FB6871F186E2000D6C447 /* UIView+UIViewAdditions.h */,
				A99FB6881F186E2000D6C447 /* UIView+UIViewAdditions.m */,
				A99FB68A1F186EA100D6C447 /* UIView+Extension.h */,
				A99FB68B1F186EA100D6C447 /* UIView+Extension.m */,
				A99FB6931F18764200D6C447 /* LXButton.h */,
				A99FB6941F18764200D6C447 /* LXButton.m */,
				FD4611961F483601005D4FF6 /* HQTabBar.h */,
				FD4611971F483601005D4FF6 /* HQTabBar.m */,
			);
			path = shenbianTools;
			sourceTree = "<group>";
		};
		A9DA45F61F1630C900E3DB17 = {
			isa = PBXGroup;
			children = (
				A9DA46011F1630CA00E3DB17 /* shenbianapp */,
				A9DA461B1F1630CA00E3DB17 /* shenbianappTests */,
				A9DA46001F1630CA00E3DB17 /* Products */,
				1DD85C26A4B2B5437B4FC297 /* Pods */,
				B17D9DCAC7E8941C58663AC5 /* Frameworks */,
			);
			sourceTree = "<group>";
		};
		A9DA46001F1630CA00E3DB17 /* Products */ = {
			isa = PBXGroup;
			children = (
				A9DA45FF1F1630CA00E3DB17 /* shenbianapp.app */,
			);
			name = Products;
			sourceTree = "<group>";
		};
		A9DA46011F1630CA00E3DB17 /* shenbianapp */ = {
			isa = PBXGroup;
			children = (
				FD9448AA1F52ED48001FC5CD /* Network */,
				FD59192A1F63161100FD7913 /* Login */,
				A99FB6831F186C9600D6C447 /* shenbianTools */,
				A9DDC3211F16422C00CFB5F3 /* tabbarItemOne */,
				A9DDC3251F16424200CFB5F3 /* tabbarItemTwo */,
				A9DDC3291F16425000CFB5F3 /* tabbarItemThree */,
				A9DDC32D1F16425C00CFB5F3 /* tabbarItemFour */,
				FDC3606D1F483D9E00AC4A81 /* Publish */,
				FD17740C1F492A1B00476D98 /* BaseViewControllers */,
				FD1774131F4950FB00476D98 /* CHExtension */,
				A9DA46051F1630CA00E3DB17 /* AppDelegate.h */,
				A9DA46061F1630CA00E3DB17 /* AppDelegate.m */,
				A9DDC31E1F163FCD00CFB5F3 /* MainViewController.h */,
				A9DDC31F1F163FCD00CFB5F3 /* MainViewController.m */,
				A99FB67B1F18673700D6C447 /* MHBaseNavigationBar.h */,
				A99FB67C1F18673700D6C447 /* MHBaseNavigationBar.m */,
				A99FB67D1F18673700D6C447 /* MHBaseNavigationBar.xib */,
				A9DA460E1F1630CA00E3DB17 /* Assets.xcassets */,
				A9DDC3401F164FFB00CFB5F3 /* Main.storyboard */,
				A9DA46101F1630CA00E3DB17 /* LaunchScreen.storyboard */,
				A9DA46131F1630CA00E3DB17 /* Info.plist */,
				A9DA46021F1630CA00E3DB17 /* Supporting Files */,
				A9DDC31D1F163B3A00CFB5F3 /* shenbianHeader.pch */,
			);
			path = shenbianapp;
			sourceTree = "<group>";
		};
		A9DA46021F1630CA00E3DB17 /* Supporting Files */ = {
			isa = PBXGroup;
			children = (
				A9DA46031F1630CA00E3DB17 /* main.m */,
			);
			name = "Supporting Files";
			sourceTree = "<group>";
		};
		A9DA461B1F1630CA00E3DB17 /* shenbianappTests */ = {
			isa = PBXGroup;
			children = (
				A9DA461C1F1630CA00E3DB17 /* shenbianappTests.m */,
				A9DA461E1F1630CA00E3DB17 /* Info.plist */,
			);
			path = shenbianappTests;
			sourceTree = "<group>";
		};
		A9DDC3211F16422C00CFB5F3 /* tabbarItemOne */ = {
			isa = PBXGroup;
			children = (
				A9DDC3221F16422C00CFB5F3 /* models */,
				A9DDC3231F16422C00CFB5F3 /* viewContrs */,
				A9DDC3241F16422C00CFB5F3 /* views */,
			);
			path = tabbarItemOne;
			sourceTree = "<group>";
		};
		A9DDC3221F16422C00CFB5F3 /* models */ = {
			isa = PBXGroup;
			children = (
				A99FB6901F18736800D6C447 /* RootObjectModel.h */,
				A99FB6911F18736800D6C447 /* RootObjectModel.m */,
				FD1DCEA71F5A61C500136B3D /* CHCategoryItemModel.h */,
				FD1DCEA81F5A61C500136B3D /* CHCategoryItemModel.m */,
				FD1DCEB61F5AAD6400136B3D /* CHOverbalanceModel.h */,
				FD1DCEB71F5AAD6400136B3D /* CHOverbalanceModel.m */,
				FDB516A71F5C1CCD00FE6196 /* CHMerchentModel.h */,
				FDB516A81F5C1CCD00FE6196 /* CHMerchentModel.m */,
			);
			path = models;
			sourceTree = "<group>";
		};
		A9DDC3231F16422C00CFB5F3 /* viewContrs */ = {
			isa = PBXGroup;
			children = (
				A9DDC3341F1643E800CFB5F3 /* RootHeaderViewController.h */,
				A9DDC3351F1643E800CFB5F3 /* RootHeaderViewController.m */,
			);
			path = viewContrs;
			sourceTree = "<group>";
		};
		A9DDC3241F16422C00CFB5F3 /* views */ = {
			isa = PBXGroup;
			children = (
				A99FB6801F186B5A00D6C447 /* HomeNavView.h */,
				A99FB6811F186B5A00D6C447 /* HomeNavView.m */,
				A99FB68D1F1872E700D6C447 /* CustomDiviceView.h */,
				A99FB68E1F1872E700D6C447 /* CustomDiviceView.m */,
				FD1DCEAA1F5A694000136B3D /* CHCategoryCollectionViewCell.h */,
				FD1DCEAB1F5A694000136B3D /* CHCategoryCollectionViewCell.m */,
				FD1DCEAD1F5A8F8500136B3D /* CHMapView.h */,
				FD1DCEAE1F5A8F8500136B3D /* CHMapView.m */,
				FD1DCEB01F5AA99C00136B3D /* CHOverbalanceView.h */,
				FD1DCEB11F5AA99C00136B3D /* CHOverbalanceView.m */,
				FD1DCEB31F5AAD2D00136B3D /* CHOverbalanceCollectionViewCell.h */,
				FD1DCEB41F5AAD2D00136B3D /* CHOverbalanceCollectionViewCell.m */,
				FDB516A41F5C19D000FE6196 /* CHMerchantView.h */,
				FDB516A51F5C19D000FE6196 /* CHMerchantView.m */,
				FDB516AA1F5C1EA700FE6196 /* CHMerchentTableViewCell.h */,
				FDB516AB1F5C1EA700FE6196 /* CHMerchentTableViewCell.m */,
			);
			path = views;
			sourceTree = "<group>";
		};
		A9DDC3251F16424200CFB5F3 /* tabbarItemTwo */ = {
			isa = PBXGroup;
			children = (
				A9DDC3261F16424200CFB5F3 /* models */,
				A9DDC3271F16424200CFB5F3 /* viewContrs */,
				A9DDC3281F16424200CFB5F3 /* views */,
			);
			path = tabbarItemTwo;
			sourceTree = "<group>";
		};
		A9DDC3261F16424200CFB5F3 /* models */ = {
			isa = PBXGroup;
			children = (
			);
			path = models;
			sourceTree = "<group>";
		};
		A9DDC3271F16424200CFB5F3 /* viewContrs */ = {
			isa = PBXGroup;
			children = (
				A9DDC3311F16430000CFB5F3 /* RootFocusViewController.h */,
				A9DDC3321F16430000CFB5F3 /* RootFocusViewController.m */,
			);
			path = viewContrs;
			sourceTree = "<group>";
		};
		A9DDC3281F16424200CFB5F3 /* views */ = {
			isa = PBXGroup;
			children = (
				A99FB6961F1A159C00D6C447 /* FocusTableViewCell.h */,
				A99FB6971F1A159C00D6C447 /* FocusTableViewCell.m */,
				A99FB6991F1A27CA00D6C447 /* FocusRecommentTableViewCell.h */,
				A99FB69A1F1A27CA00D6C447 /* FocusRecommentTableViewCell.m */,
				A99FB69C1F1A2C6400D6C447 /* RecommentCardCell.h */,
				A99FB69D1F1A2C6400D6C447 /* RecommentCardCell.m */,
			);
			path = views;
			sourceTree = "<group>";
		};
		A9DDC3291F16425000CFB5F3 /* tabbarItemThree */ = {
			isa = PBXGroup;
			children = (
				A9DDC32A1F16425000CFB5F3 /* models */,
				A9DDC32B1F16425000CFB5F3 /* viewContrs */,
				A9DDC32C1F16425000CFB5F3 /* views */,
			);
			path = tabbarItemThree;
			sourceTree = "<group>";
		};
		A9DDC32A1F16425000CFB5F3 /* models */ = {
			isa = PBXGroup;
			children = (
			);
			path = models;
			sourceTree = "<group>";
		};
		A9DDC32B1F16425000CFB5F3 /* viewContrs */ = {
			isa = PBXGroup;
			children = (
				A9DDC3371F16443400CFB5F3 /* RootFindeViewController.h */,
				A9DDC3381F16443400CFB5F3 /* RootFindeViewController.m */,
			);
			path = viewContrs;
			sourceTree = "<group>";
		};
		A9DDC32C1F16425000CFB5F3 /* views */ = {
			isa = PBXGroup;
			children = (
			);
			path = views;
			sourceTree = "<group>";
		};
		A9DDC32D1F16425C00CFB5F3 /* tabbarItemFour */ = {
			isa = PBXGroup;
			children = (
				A9DDC32E1F16425C00CFB5F3 /* models */,
				A9DDC32F1F16425C00CFB5F3 /* viewContrs */,
				A9DDC3301F16425C00CFB5F3 /* views */,
			);
			path = tabbarItemFour;
			sourceTree = "<group>";
		};
		A9DDC32E1F16425C00CFB5F3 /* models */ = {
			isa = PBXGroup;
			children = (
			);
			path = models;
			sourceTree = "<group>";
		};
		A9DDC32F1F16425C00CFB5F3 /* viewContrs */ = {
			isa = PBXGroup;
			children = (
				A9DDC33A1F16444900CFB5F3 /* RootMineViewController.h */,
				A9DDC33B1F16444900CFB5F3 /* RootMineViewController.m */,
			);
			path = viewContrs;
			sourceTree = "<group>";
		};
		A9DDC3301F16425C00CFB5F3 /* views */ = {
			isa = PBXGroup;
			children = (
				A99FB6AA1F1AF31000D6C447 /* MHMineHeaderCollectionReusableView.h */,
				A99FB6AB1F1AF31000D6C447 /* MHMineHeaderCollectionReusableView.m */,
				A99FB6B21F1AF57200D6C447 /* MHMineHeaderCollectionReusableView.xib */,
				A99FB6AD1F1AF41200D6C447 /* MineCollectionViewCell.h */,
				A99FB6AE1F1AF41200D6C447 /* MineCollectionViewCell.m */,
				A99FB6AF1F1AF41200D6C447 /* MineCollectionViewCell.xib */,
				A99FB6B41F1AFA6000D6C447 /* CellSPaceCollectionReusableView.h */,
				A99FB6B51F1AFA6000D6C447 /* CellSPaceCollectionReusableView.m */,
				A99FB6B61F1AFA6000D6C447 /* CellSPaceCollectionReusableView.xib */,
			);
			path = views;
			sourceTree = "<group>";
		};
		B17D9DCAC7E8941C58663AC5 /* Frameworks */ = {
			isa = PBXGroup;
			children = (
				75880CF1E4E8A7C0152AF9D9 /* libPods-shenbianapp.a */,
			);
			name = Frameworks;
			sourceTree = "<group>";
		};
		FD17740C1F492A1B00476D98 /* BaseViewControllers */ = {
			isa = PBXGroup;
			children = (
				FD9448A71F52D82E001FC5CD /* CHBaseViewCModel.h */,
				FD9448A81F52D82E001FC5CD /* CHBaseViewCModel.m */,
				A9DDC33D1F16499100CFB5F3 /* BaseViewController.h */,
				A9DDC33E1F16499100CFB5F3 /* BaseViewController.m */,
				FD17740D1F492A4A00476D98 /* CHBasePresentViewController.h */,
				FD17740E1F492A4A00476D98 /* CHBasePresentViewController.m */,
				FD1774101F492A6500476D98 /* CHBaseNavgationViewController.h */,
				FD1774111F492A6500476D98 /* CHBaseNavgationViewController.m */,
			);
			path = BaseViewControllers;
			sourceTree = "<group>";
		};
		FD1774131F4950FB00476D98 /* CHExtension */ = {
			isa = PBXGroup;
			children = (
				FD17741E1F4955B000476D98 /* UIView+Dashline.h */,
				FD17741F1F4955B000476D98 /* UIView+Dashline.m */,
				FD1774211F4956E000476D98 /* CHExtension.h */,
			);
			path = CHExtension;
			sourceTree = "<group>";
		};
		FD59192A1F63161100FD7913 /* Login */ = {
			isa = PBXGroup;
			children = (
				FD59192E1F63167900FD7913 /* CHLoginViewController.h */,
				FD59192F1F63167900FD7913 /* CHLoginViewController.m */,
			);
			path = Login;
			sourceTree = "<group>";
		};
		FD9448AA1F52ED48001FC5CD /* Network */ = {
			isa = PBXGroup;
			children = (
				FD9448AB1F52EE3D001FC5CD /* CHNetWorkHelper.h */,
				FD9448AC1F52EE3D001FC5CD /* CHNetWorkHelper.m */,
			);
			path = Network;
			sourceTree = "<group>";
		};
		FDC3606D1F483D9E00AC4A81 /* Publish */ = {
			isa = PBXGroup;
			children = (
				FDC3606E1F483D9E00AC4A81 /* CHPublishViewController.h */,
				FDC3606F1F483D9E00AC4A81 /* CHPublishViewController.m */,
				FDC360711F484DA700AC4A81 /* CHPublishArticleViewController.h */,
				FDC360721F484DA700AC4A81 /* CHPublishArticleViewController.m */,
				FDC360741F484DC700AC4A81 /* CHPublishServeViewController.h */,
				FDC360751F484DC700AC4A81 /* CHPublishServeViewController.m */,
			);
			path = Publish;
			sourceTree = "<group>";
		};
/* End PBXGroup section */

/* Begin PBXNativeTarget section */
		A9DA45FE1F1630C900E3DB17 /* shenbianapp */ = {
			isa = PBXNativeTarget;
			buildConfigurationList = A9DA462C1F1630CA00E3DB17 /* Build configuration list for PBXNativeTarget "shenbianapp" */;
			buildPhases = (
				C75D9560C6D90DD7FC9AC386 /* [CP] Check Pods Manifest.lock */,
				A9DA45FB1F1630C900E3DB17 /* Sources */,
				A9DA45FC1F1630C900E3DB17 /* Frameworks */,
				A9DA45FD1F1630C900E3DB17 /* Resources */,
				E55540464768C1AE42016042 /* [CP] Embed Pods Frameworks */,
				BDB976BADBC7BBAB8A0B1935 /* [CP] Copy Pods Resources */,
			);
			buildRules = (
			);
			dependencies = (
			);
			name = shenbianapp;
			productName = shenbianapp;
			productReference = A9DA45FF1F1630CA00E3DB17 /* shenbianapp.app */;
			productType = "com.apple.product-type.application";
		};
/* End PBXNativeTarget section */

/* Begin PBXProject section */
		A9DA45F71F1630C900E3DB17 /* Project object */ = {
			isa = PBXProject;
			attributes = {
				CLASSPREFIX = CH;
				LastUpgradeCheck = 0820;
				ORGANIZATIONNAME = "陈坚";
				TargetAttributes = {
					A9DA45FE1F1630C900E3DB17 = {
						CreatedOnToolsVersion = 8.2.1;
						DevelopmentTeam = 2U48Q6V7KH;
						ProvisioningStyle = Automatic;
					};
				};
			};
			buildConfigurationList = A9DA45FA1F1630C900E3DB17 /* Build configuration list for PBXProject "shenbianapp" */;
			compatibilityVersion = "Xcode 3.2";
			developmentRegion = English;
			hasScannedForEncodings = 0;
			knownRegions = (
				en,
				Base,
			);
			mainGroup = A9DA45F61F1630C900E3DB17;
			productRefGroup = A9DA46001F1630CA00E3DB17 /* Products */;
			projectDirPath = "";
			projectRoot = "";
			targets = (
				A9DA45FE1F1630C900E3DB17 /* shenbianapp */,
			);
		};
/* End PBXProject section */

/* Begin PBXResourcesBuildPhase section */
		A9DA45FD1F1630C900E3DB17 /* Resources */ = {
			isa = PBXResourcesBuildPhase;
			buildActionMask = 2147483647;
			files = (
				A99FB6B81F1AFA6000D6C447 /* CellSPaceCollectionReusableView.xib in Resources */,
				A9DDC3411F164FFB00CFB5F3 /* Main.storyboard in Resources */,
				A99FB67F1F18673700D6C447 /* MHBaseNavigationBar.xib in Resources */,
				A99FB6B31F1AF57200D6C447 /* MHMineHeaderCollectionReusableView.xib in Resources */,
				A9DA46121F1630CA00E3DB17 /* LaunchScreen.storyboard in Resources */,
				A9DA460F1F1630CA00E3DB17 /* Assets.xcassets in Resources */,
				A99FB6B11F1AF41200D6C447 /* MineCollectionViewCell.xib in Resources */,
			);
			runOnlyForDeploymentPostprocessing = 0;
		};
/* End PBXResourcesBuildPhase section */

/* Begin PBXShellScriptBuildPhase section */
		BDB976BADBC7BBAB8A0B1935 /* [CP] Copy Pods Resources */ = {
			isa = PBXShellScriptBuildPhase;
			buildActionMask = 2147483647;
			files = (
			);
			inputPaths = (
				"${SRCROOT}/Pods/Target Support Files/Pods-shenbianapp/Pods-shenbianapp-resources.sh",
				"${PODS_ROOT}/AMap2DMap/MAMapKit.framework/AMap.bundle",
				"${PODS_ROOT}/IQKeyboardManager/IQKeyboardManager/Resources/IQKeyboardManager.bundle",
				"${PODS_ROOT}/MJRefresh/MJRefresh/MJRefresh.bundle",
			);
			name = "[CP] Copy Pods Resources";
			outputPaths = (
				"${TARGET_BUILD_DIR}/${UNLOCALIZED_RESOURCES_FOLDER_PATH}",
			);
			runOnlyForDeploymentPostprocessing = 0;
			shellPath = /bin/sh;
			shellScript = "\"${SRCROOT}/Pods/Target Support Files/Pods-shenbianapp/Pods-shenbianapp-resources.sh\"\n";
			showEnvVarsInLog = 0;
		};
		C75D9560C6D90DD7FC9AC386 /* [CP] Check Pods Manifest.lock */ = {
			isa = PBXShellScriptBuildPhase;
			buildActionMask = 2147483647;
			files = (
			);
			inputPaths = (
				"${PODS_PODFILE_DIR_PATH}/Podfile.lock",
				"${PODS_ROOT}/Manifest.lock",
			);
			name = "[CP] Check Pods Manifest.lock";
			outputPaths = (
				"$(DERIVED_FILE_DIR)/Pods-shenbianapp-checkManifestLockResult.txt",
			);
			runOnlyForDeploymentPostprocessing = 0;
			shellPath = /bin/sh;
			shellScript = "diff \"${PODS_PODFILE_DIR_PATH}/Podfile.lock\" \"${PODS_ROOT}/Manifest.lock\" > /dev/null\nif [ $? != 0 ] ; then\n    # print error to STDERR\n    echo \"error: The sandbox is not in sync with the Podfile.lock. Run 'pod install' or update your CocoaPods installation.\" >&2\n    exit 1\nfi\n# This output is used by Xcode 'outputs' to avoid re-running this script phase.\necho \"SUCCESS\" > \"${SCRIPT_OUTPUT_FILE_0}\"\n";
			showEnvVarsInLog = 0;
		};
		E55540464768C1AE42016042 /* [CP] Embed Pods Frameworks */ = {
			isa = PBXShellScriptBuildPhase;
			buildActionMask = 2147483647;
			files = (
			);
			inputPaths = (
			);
			name = "[CP] Embed Pods Frameworks";
			outputPaths = (
			);
			runOnlyForDeploymentPostprocessing = 0;
			shellPath = /bin/sh;
			shellScript = "\"${SRCROOT}/Pods/Target Support Files/Pods-shenbianapp/Pods-shenbianapp-frameworks.sh\"\n";
			showEnvVarsInLog = 0;
		};
/* End PBXShellScriptBuildPhase section */

/* Begin PBXSourcesBuildPhase section */
		A9DA45FB1F1630C900E3DB17 /* Sources */ = {
			isa = PBXSourcesBuildPhase;
			buildActionMask = 2147483647;
			files = (
				A99FB6A91F1AEEEA00D6C447 /* MHCollectionViewFlowLayout.m in Sources */,
				FD9448AD1F52EE3D001FC5CD /* CHNetWorkHelper.m in Sources */,
				FD1DCEB51F5AAD2D00136B3D /* CHOverbalanceCollectionViewCell.m in Sources */,
				FDC360701F483D9E00AC4A81 /* CHPublishViewController.m in Sources */,
				A99FB69E1F1A2C6400D6C447 /* RecommentCardCell.m in Sources */,
				A9DDC33C1F16444900CFB5F3 /* RootMineViewController.m in Sources */,
				A99FB69B1F1A27CA00D6C447 /* FocusRecommentTableViewCell.m in Sources */,
				A9DDC33F1F16499100CFB5F3 /* BaseViewController.m in Sources */,
				FD1DCEAC1F5A694000136B3D /* CHCategoryCollectionViewCell.m in Sources */,
				A99FB68C1F186EA100D6C447 /* UIView+Extension.m in Sources */,
				A9DA46071F1630CA00E3DB17 /* AppDelegate.m in Sources */,
				A99FB6921F18736800D6C447 /* RootObjectModel.m in Sources */,
				A99FB6951F18764200D6C447 /* LXButton.m in Sources */,
				A9DDC3201F163FCD00CFB5F3 /* MainViewController.m in Sources */,
				FD4611981F483601005D4FF6 /* HQTabBar.m in Sources */,
				FDC360731F484DA700AC4A81 /* CHPublishArticleViewController.m in Sources */,
				A99FB6AC1F1AF31000D6C447 /* MHMineHeaderCollectionReusableView.m in Sources */,
				FD1774201F4955B000476D98 /* UIView+Dashline.m in Sources */,
				FD17740F1F492A4A00476D98 /* CHBasePresentViewController.m in Sources */,
				A99FB68F1F1872E700D6C447 /* CustomDiviceView.m in Sources */,
				FD9448A91F52D82E001FC5CD /* CHBaseViewCModel.m in Sources */,
				FD1DCEAF1F5A8F8500136B3D /* CHMapView.m in Sources */,
				A99FB67E1F18673700D6C447 /* MHBaseNavigationBar.m in Sources */,
				A9DDC3361F1643E800CFB5F3 /* RootHeaderViewController.m in Sources */,
				A99FB6B71F1AFA6000D6C447 /* CellSPaceCollectionReusableView.m in Sources */,
				A9DDC3391F16443400CFB5F3 /* RootFindeViewController.m in Sources */,
				A99FB6891F186E2000D6C447 /* UIView+UIViewAdditions.m in Sources */,
				A99FB6861F186CDA00D6C447 /* UIColor+Common.m in Sources */,
				FDB516AC1F5C1EA700FE6196 /* CHMerchentTableViewCell.m in Sources */,
				A99FB6B01F1AF41200D6C447 /* MineCollectionViewCell.m in Sources */,
				FD1DCEA91F5A61C500136B3D /* CHCategoryItemModel.m in Sources */,
				FDB516A91F5C1CCD00FE6196 /* CHMerchentModel.m in Sources */,
				FD1774121F492A6500476D98 /* CHBaseNavgationViewController.m in Sources */,
				FDB516A61F5C19D000FE6196 /* CHMerchantView.m in Sources */,
				A99FB6821F186B5A00D6C447 /* HomeNavView.m in Sources */,
				A9DA46041F1630CA00E3DB17 /* main.m in Sources */,
				FDC360761F484DC700AC4A81 /* CHPublishServeViewController.m in Sources */,
				A9DDC3331F16430000CFB5F3 /* RootFocusViewController.m in Sources */,
				A99FB6981F1A159C00D6C447 /* FocusTableViewCell.m in Sources */,
				FD1DCEB81F5AAD6400136B3D /* CHOverbalanceModel.m in Sources */,
				FD1DCEB21F5AA99C00136B3D /* CHOverbalanceView.m in Sources */,
				FD5919301F63167900FD7913 /* CHLoginViewController.m in Sources */,
			);
			runOnlyForDeploymentPostprocessing = 0;
		};
/* End PBXSourcesBuildPhase section */

/* Begin PBXVariantGroup section */
		A9DA46101F1630CA00E3DB17 /* LaunchScreen.storyboard */ = {
			isa = PBXVariantGroup;
			children = (
				A9DA46111F1630CA00E3DB17 /* Base */,
			);
			name = LaunchScreen.storyboard;
			sourceTree = "<group>";
		};
/* End PBXVariantGroup section */

/* Begin XCBuildConfiguration section */
		A9DA462A1F1630CA00E3DB17 /* Debug */ = {
			isa = XCBuildConfiguration;
			buildSettings = {
				ALWAYS_SEARCH_USER_PATHS = NO;
				CLANG_ANALYZER_NONNULL = YES;
				CLANG_CXX_LANGUAGE_STANDARD = "gnu++0x";
				CLANG_CXX_LIBRARY = "libc++";
				CLANG_ENABLE_MODULES = YES;
				CLANG_ENABLE_OBJC_ARC = YES;
				CLANG_WARN_BOOL_CONVERSION = YES;
				CLANG_WARN_CONSTANT_CONVERSION = YES;
				CLANG_WARN_DIRECT_OBJC_ISA_USAGE = YES_ERROR;
				CLANG_WARN_DOCUMENTATION_COMMENTS = YES;
				CLANG_WARN_EMPTY_BODY = YES;
				CLANG_WARN_ENUM_CONVERSION = YES;
				CLANG_WARN_INFINITE_RECURSION = YES;
				CLANG_WARN_INT_CONVERSION = YES;
				CLANG_WARN_OBJC_ROOT_CLASS = YES_ERROR;
				CLANG_WARN_SUSPICIOUS_MOVE = YES;
				CLANG_WARN_UNREACHABLE_CODE = YES;
				CLANG_WARN__DUPLICATE_METHOD_MATCH = YES;
				"CODE_SIGN_IDENTITY[sdk=iphoneos*]" = "iPhone Developer";
				COPY_PHASE_STRIP = NO;
				DEBUG_INFORMATION_FORMAT = dwarf;
				ENABLE_STRICT_OBJC_MSGSEND = YES;
				ENABLE_TESTABILITY = YES;
				GCC_C_LANGUAGE_STANDARD = gnu99;
				GCC_DYNAMIC_NO_PIC = NO;
				GCC_NO_COMMON_BLOCKS = YES;
				GCC_OPTIMIZATION_LEVEL = 0;
				GCC_PREPROCESSOR_DEFINITIONS = (
					"DEBUG=1",
					"$(inherited)",
				);
				GCC_WARN_64_TO_32_BIT_CONVERSION = YES;
				GCC_WARN_ABOUT_RETURN_TYPE = YES_ERROR;
				GCC_WARN_UNDECLARED_SELECTOR = YES;
				GCC_WARN_UNINITIALIZED_AUTOS = YES_AGGRESSIVE;
				GCC_WARN_UNUSED_FUNCTION = YES;
				GCC_WARN_UNUSED_VARIABLE = YES;
				IPHONEOS_DEPLOYMENT_TARGET = 10.2;
				MTL_ENABLE_DEBUG_INFO = YES;
				ONLY_ACTIVE_ARCH = YES;
				SDKROOT = iphoneos;
				TARGETED_DEVICE_FAMILY = "1,2";
			};
			name = Debug;
		};
		A9DA462B1F1630CA00E3DB17 /* Release */ = {
			isa = XCBuildConfiguration;
			buildSettings = {
				ALWAYS_SEARCH_USER_PATHS = NO;
				CLANG_ANALYZER_NONNULL = YES;
				CLANG_CXX_LANGUAGE_STANDARD = "gnu++0x";
				CLANG_CXX_LIBRARY = "libc++";
				CLANG_ENABLE_MODULES = YES;
				CLANG_ENABLE_OBJC_ARC = YES;
				CLANG_WARN_BOOL_CONVERSION = YES;
				CLANG_WARN_CONSTANT_CONVERSION = YES;
				CLANG_WARN_DIRECT_OBJC_ISA_USAGE = YES_ERROR;
				CLANG_WARN_DOCUMENTATION_COMMENTS = YES;
				CLANG_WARN_EMPTY_BODY = YES;
				CLANG_WARN_ENUM_CONVERSION = YES;
				CLANG_WARN_INFINITE_RECURSION = YES;
				CLANG_WARN_INT_CONVERSION = YES;
				CLANG_WARN_OBJC_ROOT_CLASS = YES_ERROR;
				CLANG_WARN_SUSPICIOUS_MOVE = YES;
				CLANG_WARN_UNREACHABLE_CODE = YES;
				CLANG_WARN__DUPLICATE_METHOD_MATCH = YES;
				"CODE_SIGN_IDENTITY[sdk=iphoneos*]" = "iPhone Developer";
				COPY_PHASE_STRIP = NO;
				DEBUG_INFORMATION_FORMAT = "dwarf-with-dsym";
				ENABLE_NS_ASSERTIONS = NO;
				ENABLE_STRICT_OBJC_MSGSEND = YES;
				GCC_C_LANGUAGE_STANDARD = gnu99;
				GCC_NO_COMMON_BLOCKS = YES;
				GCC_WARN_64_TO_32_BIT_CONVERSION = YES;
				GCC_WARN_ABOUT_RETURN_TYPE = YES_ERROR;
				GCC_WARN_UNDECLARED_SELECTOR = YES;
				GCC_WARN_UNINITIALIZED_AUTOS = YES_AGGRESSIVE;
				GCC_WARN_UNUSED_FUNCTION = YES;
				GCC_WARN_UNUSED_VARIABLE = YES;
				IPHONEOS_DEPLOYMENT_TARGET = 10.2;
				MTL_ENABLE_DEBUG_INFO = NO;
				SDKROOT = iphoneos;
				TARGETED_DEVICE_FAMILY = "1,2";
				VALIDATE_PRODUCT = YES;
			};
			name = Release;
		};
		A9DA462D1F1630CA00E3DB17 /* Debug */ = {
			isa = XCBuildConfiguration;
			baseConfigurationReference = 581124BAB8EFB6F3CB2D9F2C /* Pods-shenbianapp.debug.xcconfig */;
			buildSettings = {
				"CODE_SIGN_IDENTITY[sdk=iphoneos*]" = "iPhone Developer";
				DEVELOPMENT_TEAM = 2U48Q6V7KH;
				GCC_PRECOMPILE_PREFIX_HEADER = YES;
				GCC_PREFIX_HEADER = "$(SRCROOT)/shenbianapp/shenbianHeader.pch";
				INFOPLIST_FILE = shenbianapp/Info.plist;
				IPHONEOS_DEPLOYMENT_TARGET = 8.0;
				LD_RUNPATH_SEARCH_PATHS = "$(inherited) @executable_path/Frameworks";
				PRODUCT_BUNDLE_IDENTIFIER = com.helinkeji.shenbian;
				PRODUCT_NAME = "$(TARGET_NAME)";
				TARGETED_DEVICE_FAMILY = 1;
			};
			name = Debug;
		};
		A9DA462E1F1630CA00E3DB17 /* Release */ = {
			isa = XCBuildConfiguration;
			baseConfigurationReference = D0437902C935BCE328CB8E82 /* Pods-shenbianapp.release.xcconfig */;
			buildSettings = {
				"CODE_SIGN_IDENTITY[sdk=iphoneos*]" = "iPhone Developer";
				DEVELOPMENT_TEAM = 2U48Q6V7KH;
				GCC_PRECOMPILE_PREFIX_HEADER = YES;
				GCC_PREFIX_HEADER = "$(SRCROOT)/shenbianapp/shenbianHeader.pch";
				INFOPLIST_FILE = shenbianapp/Info.plist;
				IPHONEOS_DEPLOYMENT_TARGET = 8.0;
				LD_RUNPATH_SEARCH_PATHS = "$(inherited) @executable_path/Frameworks";
				PRODUCT_BUNDLE_IDENTIFIER = com.helinkeji.shenbian;
				PRODUCT_NAME = "$(TARGET_NAME)";
				TARGETED_DEVICE_FAMILY = 1;
			};
			name = Release;
		};
/* End XCBuildConfiguration section */

/* Begin XCConfigurationList section */
		A9DA45FA1F1630C900E3DB17 /* Build configuration list for PBXProject "shenbianapp" */ = {
			isa = XCConfigurationList;
			buildConfigurations = (
				A9DA462A1F1630CA00E3DB17 /* Debug */,
				A9DA462B1F1630CA00E3DB17 /* Release */,
			);
			defaultConfigurationIsVisible = 0;
			defaultConfigurationName = Release;
		};
		A9DA462C1F1630CA00E3DB17 /* Build configuration list for PBXNativeTarget "shenbianapp" */ = {
			isa = XCConfigurationList;
			buildConfigurations = (
				A9DA462D1F1630CA00E3DB17 /* Debug */,
				A9DA462E1F1630CA00E3DB17 /* Release */,
			);
			defaultConfigurationIsVisible = 0;
			defaultConfigurationName = Release;
		};
/* End XCConfigurationList section */
	};
	rootObject = A9DA45F71F1630C900E3DB17 /* Project object */;
}
