// !$*UTF8*$!
{
	archiveVersion = 1;
	classes = {
	};
	objectVersion = 46;
	objects = {

/* Begin PBXBuildFile section */
		A99FB6861F186CDA00D6C447 /* UIColor+Common.m in Sources */ = {isa = PBXBuildFile; fileRef = A99FB6851F186CDA00D6C447 /* UIColor+Common.m */; };
		A99FB6891F186E2000D6C447 /* UIView+UIViewAdditions.m in Sources */ = {isa = PBXBuildFile; fileRef = A99FB6881F186E2000D6C447 /* UIView+UIViewAdditions.m */; };
		A99FB68C1F186EA100D6C447 /* UIView+Extension.m in Sources */ = {isa = PBXBuildFile; fileRef = A99FB68B1F186EA100D6C447 /* UIView+Extension.m */; };
		A99FB6951F18764200D6C447 /* LXButton.m in Sources */ = {isa = PBXBuildFile; fileRef = A99FB6941F18764200D6C447 /* LXButton.m */; };
		A99FB6A91F1AEEEA00D6C447 /* MHCollectionViewFlowLayout.m in Sources */ = {isa = PBXBuildFile; fileRef = A99FB6A81F1AEEEA00D6C447 /* MHCollectionViewFlowLayout.m */; };
		A9DA46041F1630CA00E3DB17 /* main.m in Sources */ = {isa = PBXBuildFile; fileRef = A9DA46031F1630CA00E3DB17 /* main.m */; };
		A9DA460F1F1630CA00E3DB17 /* Assets.xcassets in Resources */ = {isa = PBXBuildFile; fileRef = A9DA460E1F1630CA00E3DB17 /* Assets.xcassets */; };
		A9DA46121F1630CA00E3DB17 /* LaunchScreen.storyboard in Resources */ = {isa = PBXBuildFile; fileRef = A9DA46101F1630CA00E3DB17 /* LaunchScreen.storyboard */; };
		A9DDC3411F164FFB00CFB5F3 /* Main.storyboard in Resources */ = {isa = PBXBuildFile; fileRef = A9DDC3401F164FFB00CFB5F3 /* Main.storyboard */; };
		E4B1833D8426DB219D7C009A /* libPods-shenbianapp.a in Frameworks */ = {isa = PBXBuildFile; fileRef = 75880CF1E4E8A7C0152AF9D9 /* libPods-shenbianapp.a */; };
		FD06FBBF1FB31DEF008F70CB /* CHInputAddressViewController.m in Sources */ = {isa = PBXBuildFile; fileRef = FD06FBBE1FB31DEF008F70CB /* CHInputAddressViewController.m */; };
		FD06FBC31FB590AE008F70CB /* CHLoacationSearchViewController.m in Sources */ = {isa = PBXBuildFile; fileRef = FD06FBC21FB590AE008F70CB /* CHLoacationSearchViewController.m */; };
		FD06FBC81FB5CAAD008F70CB /* CHSelectCategoryViewController.m in Sources */ = {isa = PBXBuildFile; fileRef = FD06FBC71FB5CAAD008F70CB /* CHSelectCategoryViewController.m */; };
		FD06FBCB1FB5E18E008F70CB /* CHMyOrdersViewController.m in Sources */ = {isa = PBXBuildFile; fileRef = FD06FBCA1FB5E18E008F70CB /* CHMyOrdersViewController.m */; };
		FD06FBCE1FB5E2CF008F70CB /* CHMyOrderTableViewCell.m in Sources */ = {isa = PBXBuildFile; fileRef = FD06FBCD1FB5E2CF008F70CB /* CHMyOrderTableViewCell.m */; };
		FD0CFF5F1F63F7FB004FA3CF /* CHLoginVCModel.m in Sources */ = {isa = PBXBuildFile; fileRef = FD0CFF5E1F63F7FB004FA3CF /* CHLoginVCModel.m */; };
		FD0CFF681F640A21004FA3CF /* CHLoginAgreement.xib in Resources */ = {isa = PBXBuildFile; fileRef = FD0CFF671F640A21004FA3CF /* CHLoginAgreement.xib */; };
		FD0CFF6A1F6431D7004FA3CF /* CHPulishAnswer.xib in Resources */ = {isa = PBXBuildFile; fileRef = FD0CFF691F6431D7004FA3CF /* CHPulishAnswer.xib */; };
		FD0CFF6D1F64545C004FA3CF /* CHPublishServiceTableViewCell.m in Sources */ = {isa = PBXBuildFile; fileRef = FD0CFF6C1F64545C004FA3CF /* CHPublishServiceTableViewCell.m */; };
		FD1774201F4955B000476D98 /* UIView+Dashline.m in Sources */ = {isa = PBXBuildFile; fileRef = FD17741F1F4955B000476D98 /* UIView+Dashline.m */; };
		FD22A6021FAC287D00C1F926 /* CHFJobSearchViewController.m in Sources */ = {isa = PBXBuildFile; fileRef = FD22A6011FAC287D00C1F926 /* CHFJobSearchViewController.m */; };
		FD22A6051FAC2B5900C1F926 /* CHFindPeopleViewController.m in Sources */ = {isa = PBXBuildFile; fileRef = FD22A6041FAC2B5900C1F926 /* CHFindPeopleViewController.m */; };
		FD22A6081FAC2B6B00C1F926 /* CHFindServiceViewController.m in Sources */ = {isa = PBXBuildFile; fileRef = FD22A6071FAC2B6B00C1F926 /* CHFindServiceViewController.m */; };
		FD2480111F682CDF00CA30BB /* BaseViewController.m in Sources */ = {isa = PBXBuildFile; fileRef = FD2480041F682CDF00CA30BB /* BaseViewController.m */; };
		FD2480121F682CDF00CA30BB /* CHBaseNavgationViewController.m in Sources */ = {isa = PBXBuildFile; fileRef = FD2480061F682CDF00CA30BB /* CHBaseNavgationViewController.m */; };
		FD2480131F682CDF00CA30BB /* CHBasePresentViewController.m in Sources */ = {isa = PBXBuildFile; fileRef = FD2480081F682CDF00CA30BB /* CHBasePresentViewController.m */; };
		FD2480141F682CDF00CA30BB /* CHBaseViewCModel.m in Sources */ = {isa = PBXBuildFile; fileRef = FD24800A1F682CDF00CA30BB /* CHBaseViewCModel.m */; };
		FD2480161F682CDF00CA30BB /* MHBaseNavigationBar.m in Sources */ = {isa = PBXBuildFile; fileRef = FD24800E1F682CDF00CA30BB /* MHBaseNavigationBar.m */; };
		FD2480171F682CDF00CA30BB /* MHBaseNavigationBar.xib in Resources */ = {isa = PBXBuildFile; fileRef = FD24800F1F682CDF00CA30BB /* MHBaseNavigationBar.xib */; };
		FD24801B1F682DF700CA30BB /* CHServiceDetailsViewController.m in Sources */ = {isa = PBXBuildFile; fileRef = FD24801A1F682DF700CA30BB /* CHServiceDetailsViewController.m */; };
		FD2480211F6836F500CA30BB /* AppDelegate.m in Sources */ = {isa = PBXBuildFile; fileRef = FD24801E1F6836F500CA30BB /* AppDelegate.m */; };
		FD2480221F6836F500CA30BB /* MainViewController.m in Sources */ = {isa = PBXBuildFile; fileRef = FD2480201F6836F500CA30BB /* MainViewController.m */; };
		FD282B411FAACEA900B2D52D /* CHStoreInfoModel.m in Sources */ = {isa = PBXBuildFile; fileRef = FD282B401FAACEA900B2D52D /* CHStoreInfoModel.m */; };
		FD282B441FAACF0600B2D52D /* CHMineModel.m in Sources */ = {isa = PBXBuildFile; fileRef = FD282B431FAACF0600B2D52D /* CHMineModel.m */; };
		FD2AC5C11F6D0A0800C45C75 /* CHServiceTableViewCell.m in Sources */ = {isa = PBXBuildFile; fileRef = FD2AC5C01F6D0A0800C45C75 /* CHServiceTableViewCell.m */; };
		FD2C93281F9363D8007984D0 /* CHPublishServiceModel.m in Sources */ = {isa = PBXBuildFile; fileRef = FD2C93271F9363D8007984D0 /* CHPublishServiceModel.m */; };
		FD2F7DF81FA4BBD600CF5B40 /* CHGlobalDataHelper.m in Sources */ = {isa = PBXBuildFile; fileRef = FD2F7DF71FA4BBD600CF5B40 /* CHGlobalDataHelper.m */; };
		FD2F7E011FA4DE8900CF5B40 /* AlipaySDK.bundle in Resources */ = {isa = PBXBuildFile; fileRef = FD2F7DFF1FA4DE8900CF5B40 /* AlipaySDK.bundle */; };
		FD2F7E021FA4DE8900CF5B40 /* AlipaySDK.framework in Frameworks */ = {isa = PBXBuildFile; fileRef = FD2F7E001FA4DE8900CF5B40 /* AlipaySDK.framework */; };
		FD3D88891FDBF77F0034083C /* HeaderView.m in Sources */ = {isa = PBXBuildFile; fileRef = FD3D88871FDBF77F0034083C /* HeaderView.m */; };
		FD3E39551FAEAD93009E78CB /* CHSearchJobTableViewCell.m in Sources */ = {isa = PBXBuildFile; fileRef = FD3E39541FAEAD93009E78CB /* CHSearchJobTableViewCell.m */; };
		FD3E39581FAEF005009E78CB /* CHServiceAllSerViewController.m in Sources */ = {isa = PBXBuildFile; fileRef = FD3E39571FAEF005009E78CB /* CHServiceAllSerViewController.m */; };
		FD4611981F483601005D4FF6 /* HQTabBar.m in Sources */ = {isa = PBXBuildFile; fileRef = FD4611971F483601005D4FF6 /* HQTabBar.m */; };
		FD5919301F63167900FD7913 /* CHLoginViewController.m in Sources */ = {isa = PBXBuildFile; fileRef = FD59192F1F63167900FD7913 /* CHLoginViewController.m */; };
		FD7967AD1F6ADA1B0049DCDB /* CHServiceUperView.m in Sources */ = {isa = PBXBuildFile; fileRef = FD7967AC1F6ADA1B0049DCDB /* CHServiceUperView.m */; };
		FD7967B31F6ADB890049DCDB /* CHServiceBottomView.m in Sources */ = {isa = PBXBuildFile; fileRef = FD7967B21F6ADB890049DCDB /* CHServiceBottomView.m */; };
		FD8F2D471F6E464500C2BA13 /* CHArticleDetailsViewController.m in Sources */ = {isa = PBXBuildFile; fileRef = FD8F2D461F6E464500C2BA13 /* CHArticleDetailsViewController.m */; };
		FD8FFFB91FAD810A002A81ED /* CHFindServiceBrowseView.m in Sources */ = {isa = PBXBuildFile; fileRef = FD8FFFB81FAD810A002A81ED /* CHFindServiceBrowseView.m */; };
		FD9448AD1F52EE3D001FC5CD /* CHNetWorkHelper.m in Sources */ = {isa = PBXBuildFile; fileRef = FD9448AC1F52EE3D001FC5CD /* CHNetWorkHelper.m */; };
		FDA1BF521FB68E0600AE64B7 /* CHFocusViewController.m in Sources */ = {isa = PBXBuildFile; fileRef = FDA1BF511FB68E0600AE64B7 /* CHFocusViewController.m */; };
		FDA1BF551FB68F2500AE64B7 /* CHFocusTableViewCell.m in Sources */ = {isa = PBXBuildFile; fileRef = FDA1BF541FB68F2500AE64B7 /* CHFocusTableViewCell.m */; };
		FDAE51C91FAC4ECD00A8FF10 /* CHFindServiceHeadView.m in Sources */ = {isa = PBXBuildFile; fileRef = FDAE51C81FAC4ECD00A8FF10 /* CHFindServiceHeadView.m */; };
		FDAE51CC1FAC7CE100A8FF10 /* CHFindServicePopPanel.m in Sources */ = {isa = PBXBuildFile; fileRef = FDAE51CB1FAC7CE100A8FF10 /* CHFindServicePopPanel.m */; };
		FDC360701F483D9E00AC4A81 /* CHPublishViewController.m in Sources */ = {isa = PBXBuildFile; fileRef = FDC3606F1F483D9E00AC4A81 /* CHPublishViewController.m */; };
		FDC360731F484DA700AC4A81 /* CHPublishArticleViewController.m in Sources */ = {isa = PBXBuildFile; fileRef = FDC360721F484DA700AC4A81 /* CHPublishArticleViewController.m */; };
		FDC360761F484DC700AC4A81 /* CHPublishServeViewController.m in Sources */ = {isa = PBXBuildFile; fileRef = FDC360751F484DC700AC4A81 /* CHPublishServeViewController.m */; };
		FDC79DCE1FADD07500C3D464 /* CHFindServiceOptimizedView.m in Sources */ = {isa = PBXBuildFile; fileRef = FDC79DCD1FADD07500C3D464 /* CHFindServiceOptimizedView.m */; };
		FDDD73411F6C37E100652666 /* CHServiceCellModel.m in Sources */ = {isa = PBXBuildFile; fileRef = FDDD73401F6C37E100652666 /* CHServiceCellModel.m */; };
		FDDDC10B1F7768B600242F3E /* CHArticleDetailsTableViewCell.m in Sources */ = {isa = PBXBuildFile; fileRef = FDDDC10A1F7768B600242F3E /* CHArticleDetailsTableViewCell.m */; };
		FDDDC10E1F777ED300242F3E /* CHArticleContentView.m in Sources */ = {isa = PBXBuildFile; fileRef = FDDDC10D1F777ED300242F3E /* CHArticleContentView.m */; };
		FDDDC1161F77C01500242F3E /* CHPublishArticleModel.m in Sources */ = {isa = PBXBuildFile; fileRef = FDDDC1151F77C01500242F3E /* CHPublishArticleModel.m */; };
		FDE0A3B01FAF075800058149 /* CHAllServiceTableViewCell.m in Sources */ = {isa = PBXBuildFile; fileRef = FDE0A3AF1FAF075800058149 /* CHAllServiceTableViewCell.m */; };
		FDE0A3B41FAF15C600058149 /* CHSeeMapViewController.m in Sources */ = {isa = PBXBuildFile; fileRef = FDE0A3B31FAF15C600058149 /* CHSeeMapViewController.m */; };
		FDE397111FA5BABC00143D1B /* CHCardsPanelModel.m in Sources */ = {isa = PBXBuildFile; fileRef = FDE396CB1FA5BABC00143D1B /* CHCardsPanelModel.m */; };
		FDE397121FA5BABC00143D1B /* CHCategoryItemModel.m in Sources */ = {isa = PBXBuildFile; fileRef = FDE396CD1FA5BABC00143D1B /* CHCategoryItemModel.m */; };
		FDE397131FA5BABC00143D1B /* CHMerchentModel.m in Sources */ = {isa = PBXBuildFile; fileRef = FDE396CF1FA5BABC00143D1B /* CHMerchentModel.m */; };
		FDE397141FA5BABC00143D1B /* CHOverbalanceModel.m in Sources */ = {isa = PBXBuildFile; fileRef = FDE396D11FA5BABC00143D1B /* CHOverbalanceModel.m */; };
		FDE397151FA5BABC00143D1B /* RootObjectModel.m in Sources */ = {isa = PBXBuildFile; fileRef = FDE396D31FA5BABC00143D1B /* RootObjectModel.m */; };
		FDE397161FA5BABC00143D1B /* RootHeaderViewController.m in Sources */ = {isa = PBXBuildFile; fileRef = FDE396D61FA5BABC00143D1B /* RootHeaderViewController.m */; };
		FDE397171FA5BABC00143D1B /* CHCardsPanelView.m in Sources */ = {isa = PBXBuildFile; fileRef = FDE396D91FA5BABC00143D1B /* CHCardsPanelView.m */; };
		FDE397181FA5BABC00143D1B /* CHCategoryCollectionViewCell.m in Sources */ = {isa = PBXBuildFile; fileRef = FDE396DB1FA5BABC00143D1B /* CHCategoryCollectionViewCell.m */; };
		FDE397191FA5BABC00143D1B /* CHMapView.m in Sources */ = {isa = PBXBuildFile; fileRef = FDE396DD1FA5BABC00143D1B /* CHMapView.m */; };
		FDE3971A1FA5BABC00143D1B /* CHMerchantView.m in Sources */ = {isa = PBXBuildFile; fileRef = FDE396DF1FA5BABC00143D1B /* CHMerchantView.m */; };
		FDE3971B1FA5BABC00143D1B /* CHMerchentTableViewCell.m in Sources */ = {isa = PBXBuildFile; fileRef = FDE396E11FA5BABC00143D1B /* CHMerchentTableViewCell.m */; };
		FDE3971C1FA5BABC00143D1B /* CHOverbalanceCollectionViewCell.m in Sources */ = {isa = PBXBuildFile; fileRef = FDE396E31FA5BABC00143D1B /* CHOverbalanceCollectionViewCell.m */; };
		FDE3971D1FA5BABC00143D1B /* CHOverbalanceView.m in Sources */ = {isa = PBXBuildFile; fileRef = FDE396E51FA5BABC00143D1B /* CHOverbalanceView.m */; };
		FDE3971F1FA5BABC00143D1B /* HomeNavView.m in Sources */ = {isa = PBXBuildFile; fileRef = FDE396E91FA5BABC00143D1B /* HomeNavView.m */; };
		FDE397201FA5BABC00143D1B /* CHMessageModel.m in Sources */ = {isa = PBXBuildFile; fileRef = FDE396ED1FA5BABC00143D1B /* CHMessageModel.m */; };
		FDE397211FA5BABC00143D1B /* CHChatLocationViewController.m in Sources */ = {isa = PBXBuildFile; fileRef = FDE396F01FA5BABC00143D1B /* CHChatLocationViewController.m */; };
		FDE397221FA5BABC00143D1B /* CHChatRoomViewController.m in Sources */ = {isa = PBXBuildFile; fileRef = FDE396F21FA5BABC00143D1B /* CHChatRoomViewController.m */; };
		FDE397241FA5BABC00143D1B /* CHMessageViewController.m in Sources */ = {isa = PBXBuildFile; fileRef = FDE396F61FA5BABC00143D1B /* CHMessageViewController.m */; };
		FDE397251FA5BABC00143D1B /* CHMessageTableViewCell.m in Sources */ = {isa = PBXBuildFile; fileRef = FDE396F91FA5BABC00143D1B /* CHMessageTableViewCell.m */; };
		FDE397261FA5BABC00143D1B /* CHArticleListTableViewCell.m in Sources */ = {isa = PBXBuildFile; fileRef = FDE396FD1FA5BABC00143D1B /* CHArticleListTableViewCell.m */; };
		FDE397271FA5BABC00143D1B /* CHArticleAndServiceListViewController.m in Sources */ = {isa = PBXBuildFile; fileRef = FDE397001FA5BABC00143D1B /* CHArticleAndServiceListViewController.m */; };
		FDE397281FA5BABC00143D1B /* CHMyArticleAndServiceViewModel.m in Sources */ = {isa = PBXBuildFile; fileRef = FDE397021FA5BABC00143D1B /* CHMyArticleAndServiceViewModel.m */; };
		FDE397291FA5BABC00143D1B /* RootMineViewController.m in Sources */ = {isa = PBXBuildFile; fileRef = FDE397041FA5BABC00143D1B /* RootMineViewController.m */; };
		FDE3972A1FA5BABC00143D1B /* CellSPaceCollectionReusableView.m in Sources */ = {isa = PBXBuildFile; fileRef = FDE397071FA5BABC00143D1B /* CellSPaceCollectionReusableView.m */; };
		FDE3972B1FA5BABC00143D1B /* CellSPaceCollectionReusableView.xib in Resources */ = {isa = PBXBuildFile; fileRef = FDE397081FA5BABC00143D1B /* CellSPaceCollectionReusableView.xib */; };
		FDE3972C1FA5BABC00143D1B /* MHMineHeaderCollectionReusableView.m in Sources */ = {isa = PBXBuildFile; fileRef = FDE3970A1FA5BABC00143D1B /* MHMineHeaderCollectionReusableView.m */; };
		FDE3972D1FA5BABC00143D1B /* MHMineHeaderCollectionReusableView.xib in Resources */ = {isa = PBXBuildFile; fileRef = FDE3970B1FA5BABC00143D1B /* MHMineHeaderCollectionReusableView.xib */; };
		FDE3972E1FA5BABC00143D1B /* MineCollectionViewCell.m in Sources */ = {isa = PBXBuildFile; fileRef = FDE3970D1FA5BABC00143D1B /* MineCollectionViewCell.m */; };
		FDE3972F1FA5BABC00143D1B /* MineCollectionViewCell.xib in Resources */ = {isa = PBXBuildFile; fileRef = FDE3970E1FA5BABC00143D1B /* MineCollectionViewCell.xib */; };
		FDE397531FA5C80600143D1B /* CHDiscoverModel.m in Sources */ = {isa = PBXBuildFile; fileRef = FDE3974C1FA5C80600143D1B /* CHDiscoverModel.m */; };
		FDE397541FA5C80600143D1B /* CHDiscoverViewController.m in Sources */ = {isa = PBXBuildFile; fileRef = FDE3974F1FA5C80600143D1B /* CHDiscoverViewController.m */; };
		FDE397551FA5C80600143D1B /* CHDiscoverTableViewCell.m in Sources */ = {isa = PBXBuildFile; fileRef = FDE397521FA5C80600143D1B /* CHDiscoverTableViewCell.m */; };
		FDE46CAC1FAB21790013F684 /* CHStoreInfoViewController.m in Sources */ = {isa = PBXBuildFile; fileRef = FDE46CAB1FAB21790013F684 /* CHStoreInfoViewController.m */; };
		FDEECDFC1FB977310035195F /* CHOverBalanceViewController.m in Sources */ = {isa = PBXBuildFile; fileRef = FDEECDFB1FB977310035195F /* CHOverBalanceViewController.m */; };
		FDF4BAAA1FB00FAA002A90A3 /* CHShoppingCartViewController.m in Sources */ = {isa = PBXBuildFile; fileRef = FDF4BAA91FB00FAA002A90A3 /* CHShoppingCartViewController.m */; };
		FDF4BAAE1FB024B3002A90A3 /* CHShoppingCartTableViewCell.m in Sources */ = {isa = PBXBuildFile; fileRef = FDF4BAAD1FB024B3002A90A3 /* CHShoppingCartTableViewCell.m */; };
		FDF4BAB11FB054E2002A90A3 /* CHSubmitOrderViewController.m in Sources */ = {isa = PBXBuildFile; fileRef = FDF4BAB01FB054E2002A90A3 /* CHSubmitOrderViewController.m */; };
		FDFC98181FAE0BAE0039CF32 /* CHFindPeopleBrowseView.m in Sources */ = {isa = PBXBuildFile; fileRef = FDFC98171FAE0BAE0039CF32 /* CHFindPeopleBrowseView.m */; };
/* End PBXBuildFile section */

/* Begin PBXFileReference section */
		581124BAB8EFB6F3CB2D9F2C /* Pods-shenbianapp.debug.xcconfig */ = {isa = PBXFileReference; includeInIndex = 1; lastKnownFileType = text.xcconfig; name = "Pods-shenbianapp.debug.xcconfig"; path = "Pods/Target Support Files/Pods-shenbianapp/Pods-shenbianapp.debug.xcconfig"; sourceTree = "<group>"; };
		75880CF1E4E8A7C0152AF9D9 /* libPods-shenbianapp.a */ = {isa = PBXFileReference; explicitFileType = archive.ar; includeInIndex = 0; path = "libPods-shenbianapp.a"; sourceTree = BUILT_PRODUCTS_DIR; };
		A99FB6841F186CDA00D6C447 /* UIColor+Common.h */ = {isa = PBXFileReference; fileEncoding = 4; lastKnownFileType = sourcecode.c.h; path = "UIColor+Common.h"; sourceTree = "<group>"; };
		A99FB6851F186CDA00D6C447 /* UIColor+Common.m */ = {isa = PBXFileReference; fileEncoding = 4; lastKnownFileType = sourcecode.c.objc; path = "UIColor+Common.m"; sourceTree = "<group>"; };
		A99FB6871F186E2000D6C447 /* UIView+UIViewAdditions.h */ = {isa = PBXFileReference; fileEncoding = 4; lastKnownFileType = sourcecode.c.h; path = "UIView+UIViewAdditions.h"; sourceTree = "<group>"; };
		A99FB6881F186E2000D6C447 /* UIView+UIViewAdditions.m */ = {isa = PBXFileReference; fileEncoding = 4; lastKnownFileType = sourcecode.c.objc; path = "UIView+UIViewAdditions.m"; sourceTree = "<group>"; };
		A99FB68A1F186EA100D6C447 /* UIView+Extension.h */ = {isa = PBXFileReference; fileEncoding = 4; lastKnownFileType = sourcecode.c.h; path = "UIView+Extension.h"; sourceTree = "<group>"; };
		A99FB68B1F186EA100D6C447 /* UIView+Extension.m */ = {isa = PBXFileReference; fileEncoding = 4; lastKnownFileType = sourcecode.c.objc; path = "UIView+Extension.m"; sourceTree = "<group>"; };
		A99FB6931F18764200D6C447 /* LXButton.h */ = {isa = PBXFileReference; fileEncoding = 4; lastKnownFileType = sourcecode.c.h; path = LXButton.h; sourceTree = "<group>"; };
		A99FB6941F18764200D6C447 /* LXButton.m */ = {isa = PBXFileReference; fileEncoding = 4; lastKnownFileType = sourcecode.c.objc; path = LXButton.m; sourceTree = "<group>"; };
		A99FB6A71F1AEEEA00D6C447 /* MHCollectionViewFlowLayout.h */ = {isa = PBXFileReference; fileEncoding = 4; lastKnownFileType = sourcecode.c.h; path = MHCollectionViewFlowLayout.h; sourceTree = "<group>"; };
		A99FB6A81F1AEEEA00D6C447 /* MHCollectionViewFlowLayout.m */ = {isa = PBXFileReference; fileEncoding = 4; lastKnownFileType = sourcecode.c.objc; path = MHCollectionViewFlowLayout.m; sourceTree = "<group>"; };
		A9DA45FF1F1630CA00E3DB17 /* shenbianapp.app */ = {isa = PBXFileReference; explicitFileType = wrapper.application; includeInIndex = 0; path = shenbianapp.app; sourceTree = BUILT_PRODUCTS_DIR; };
		A9DA46031F1630CA00E3DB17 /* main.m */ = {isa = PBXFileReference; lastKnownFileType = sourcecode.c.objc; path = main.m; sourceTree = "<group>"; };
		A9DA460E1F1630CA00E3DB17 /* Assets.xcassets */ = {isa = PBXFileReference; lastKnownFileType = folder.assetcatalog; path = Assets.xcassets; sourceTree = "<group>"; };
		A9DA46111F1630CA00E3DB17 /* Base */ = {isa = PBXFileReference; lastKnownFileType = file.storyboard; name = Base; path = Base.lproj/LaunchScreen.storyboard; sourceTree = "<group>"; };
		A9DA46131F1630CA00E3DB17 /* Info.plist */ = {isa = PBXFileReference; lastKnownFileType = text.plist.xml; path = Info.plist; sourceTree = "<group>"; };
		A9DA461C1F1630CA00E3DB17 /* shenbianappTests.m */ = {isa = PBXFileReference; lastKnownFileType = sourcecode.c.objc; path = shenbianappTests.m; sourceTree = "<group>"; };
		A9DA461E1F1630CA00E3DB17 /* Info.plist */ = {isa = PBXFileReference; lastKnownFileType = text.plist.xml; path = Info.plist; sourceTree = "<group>"; };
		A9DDC31D1F163B3A00CFB5F3 /* shenbianHeader.pch */ = {isa = PBXFileReference; lastKnownFileType = sourcecode.c.h; path = shenbianHeader.pch; sourceTree = "<group>"; };
		A9DDC3401F164FFB00CFB5F3 /* Main.storyboard */ = {isa = PBXFileReference; fileEncoding = 4; lastKnownFileType = file.storyboard; path = Main.storyboard; sourceTree = "<group>"; };
		D0437902C935BCE328CB8E82 /* Pods-shenbianapp.release.xcconfig */ = {isa = PBXFileReference; includeInIndex = 1; lastKnownFileType = text.xcconfig; name = "Pods-shenbianapp.release.xcconfig"; path = "Pods/Target Support Files/Pods-shenbianapp/Pods-shenbianapp.release.xcconfig"; sourceTree = "<group>"; };
		FD06FBBD1FB31DEF008F70CB /* CHInputAddressViewController.h */ = {isa = PBXFileReference; fileEncoding = 4; lastKnownFileType = sourcecode.c.h; path = CHInputAddressViewController.h; sourceTree = "<group>"; };
		FD06FBBE1FB31DEF008F70CB /* CHInputAddressViewController.m */ = {isa = PBXFileReference; fileEncoding = 4; lastKnownFileType = sourcecode.c.objc; path = CHInputAddressViewController.m; sourceTree = "<group>"; };
		FD06FBC11FB590AE008F70CB /* CHLoacationSearchViewController.h */ = {isa = PBXFileReference; fileEncoding = 4; lastKnownFileType = sourcecode.c.h; path = CHLoacationSearchViewController.h; sourceTree = "<group>"; };
		FD06FBC21FB590AE008F70CB /* CHLoacationSearchViewController.m */ = {isa = PBXFileReference; fileEncoding = 4; lastKnownFileType = sourcecode.c.objc; path = CHLoacationSearchViewController.m; sourceTree = "<group>"; };
		FD06FBC61FB5CAAD008F70CB /* CHSelectCategoryViewController.h */ = {isa = PBXFileReference; fileEncoding = 4; lastKnownFileType = sourcecode.c.h; path = CHSelectCategoryViewController.h; sourceTree = "<group>"; };
		FD06FBC71FB5CAAD008F70CB /* CHSelectCategoryViewController.m */ = {isa = PBXFileReference; fileEncoding = 4; lastKnownFileType = sourcecode.c.objc; path = CHSelectCategoryViewController.m; sourceTree = "<group>"; };
		FD06FBC91FB5E18E008F70CB /* CHMyOrdersViewController.h */ = {isa = PBXFileReference; fileEncoding = 4; lastKnownFileType = sourcecode.c.h; path = CHMyOrdersViewController.h; sourceTree = "<group>"; };
		FD06FBCA1FB5E18E008F70CB /* CHMyOrdersViewController.m */ = {isa = PBXFileReference; fileEncoding = 4; lastKnownFileType = sourcecode.c.objc; path = CHMyOrdersViewController.m; sourceTree = "<group>"; };
		FD06FBCC1FB5E2CF008F70CB /* CHMyOrderTableViewCell.h */ = {isa = PBXFileReference; fileEncoding = 4; lastKnownFileType = sourcecode.c.h; path = CHMyOrderTableViewCell.h; sourceTree = "<group>"; };
		FD06FBCD1FB5E2CF008F70CB /* CHMyOrderTableViewCell.m */ = {isa = PBXFileReference; fileEncoding = 4; lastKnownFileType = sourcecode.c.objc; path = CHMyOrderTableViewCell.m; sourceTree = "<group>"; };
		FD0CFF5D1F63F7FB004FA3CF /* CHLoginVCModel.h */ = {isa = PBXFileReference; fileEncoding = 4; lastKnownFileType = sourcecode.c.h; path = CHLoginVCModel.h; sourceTree = "<group>"; };
		FD0CFF5E1F63F7FB004FA3CF /* CHLoginVCModel.m */ = {isa = PBXFileReference; fileEncoding = 4; lastKnownFileType = sourcecode.c.objc; path = CHLoginVCModel.m; sourceTree = "<group>"; };
		FD0CFF671F640A21004FA3CF /* CHLoginAgreement.xib */ = {isa = PBXFileReference; fileEncoding = 4; lastKnownFileType = file.xib; path = CHLoginAgreement.xib; sourceTree = "<group>"; };
		FD0CFF691F6431D7004FA3CF /* CHPulishAnswer.xib */ = {isa = PBXFileReference; fileEncoding = 4; lastKnownFileType = file.xib; path = CHPulishAnswer.xib; sourceTree = "<group>"; };
		FD0CFF6B1F64545C004FA3CF /* CHPublishServiceTableViewCell.h */ = {isa = PBXFileReference; fileEncoding = 4; lastKnownFileType = sourcecode.c.h; path = CHPublishServiceTableViewCell.h; sourceTree = "<group>"; };
		FD0CFF6C1F64545C004FA3CF /* CHPublishServiceTableViewCell.m */ = {isa = PBXFileReference; fileEncoding = 4; lastKnownFileType = sourcecode.c.objc; path = CHPublishServiceTableViewCell.m; sourceTree = "<group>"; };
		FD17741E1F4955B000476D98 /* UIView+Dashline.h */ = {isa = PBXFileReference; fileEncoding = 4; lastKnownFileType = sourcecode.c.h; path = "UIView+Dashline.h"; sourceTree = "<group>"; };
		FD17741F1F4955B000476D98 /* UIView+Dashline.m */ = {isa = PBXFileReference; fileEncoding = 4; lastKnownFileType = sourcecode.c.objc; path = "UIView+Dashline.m"; sourceTree = "<group>"; };
		FD1774211F4956E000476D98 /* CHExtension.h */ = {isa = PBXFileReference; lastKnownFileType = sourcecode.c.h; path = CHExtension.h; sourceTree = "<group>"; };
		FD22A6001FAC287D00C1F926 /* CHFJobSearchViewController.h */ = {isa = PBXFileReference; fileEncoding = 4; lastKnownFileType = sourcecode.c.h; path = CHFJobSearchViewController.h; sourceTree = "<group>"; };
		FD22A6011FAC287D00C1F926 /* CHFJobSearchViewController.m */ = {isa = PBXFileReference; fileEncoding = 4; lastKnownFileType = sourcecode.c.objc; path = CHFJobSearchViewController.m; sourceTree = "<group>"; };
		FD22A6031FAC2B5900C1F926 /* CHFindPeopleViewController.h */ = {isa = PBXFileReference; fileEncoding = 4; lastKnownFileType = sourcecode.c.h; path = CHFindPeopleViewController.h; sourceTree = "<group>"; };
		FD22A6041FAC2B5900C1F926 /* CHFindPeopleViewController.m */ = {isa = PBXFileReference; fileEncoding = 4; lastKnownFileType = sourcecode.c.objc; path = CHFindPeopleViewController.m; sourceTree = "<group>"; };
		FD22A6061FAC2B6B00C1F926 /* CHFindServiceViewController.h */ = {isa = PBXFileReference; fileEncoding = 4; lastKnownFileType = sourcecode.c.h; path = CHFindServiceViewController.h; sourceTree = "<group>"; };
		FD22A6071FAC2B6B00C1F926 /* CHFindServiceViewController.m */ = {isa = PBXFileReference; fileEncoding = 4; lastKnownFileType = sourcecode.c.objc; path = CHFindServiceViewController.m; sourceTree = "<group>"; };
		FD2480031F682CDF00CA30BB /* BaseViewController.h */ = {isa = PBXFileReference; fileEncoding = 4; lastKnownFileType = sourcecode.c.h; path = BaseViewController.h; sourceTree = "<group>"; };
		FD2480041F682CDF00CA30BB /* BaseViewController.m */ = {isa = PBXFileReference; fileEncoding = 4; lastKnownFileType = sourcecode.c.objc; path = BaseViewController.m; sourceTree = "<group>"; };
		FD2480051F682CDF00CA30BB /* CHBaseNavgationViewController.h */ = {isa = PBXFileReference; fileEncoding = 4; lastKnownFileType = sourcecode.c.h; path = CHBaseNavgationViewController.h; sourceTree = "<group>"; };
		FD2480061F682CDF00CA30BB /* CHBaseNavgationViewController.m */ = {isa = PBXFileReference; fileEncoding = 4; lastKnownFileType = sourcecode.c.objc; path = CHBaseNavgationViewController.m; sourceTree = "<group>"; };
		FD2480071F682CDF00CA30BB /* CHBasePresentViewController.h */ = {isa = PBXFileReference; fileEncoding = 4; lastKnownFileType = sourcecode.c.h; path = CHBasePresentViewController.h; sourceTree = "<group>"; };
		FD2480081F682CDF00CA30BB /* CHBasePresentViewController.m */ = {isa = PBXFileReference; fileEncoding = 4; lastKnownFileType = sourcecode.c.objc; path = CHBasePresentViewController.m; sourceTree = "<group>"; };
		FD2480091F682CDF00CA30BB /* CHBaseViewCModel.h */ = {isa = PBXFileReference; fileEncoding = 4; lastKnownFileType = sourcecode.c.h; path = CHBaseViewCModel.h; sourceTree = "<group>"; };
		FD24800A1F682CDF00CA30BB /* CHBaseViewCModel.m */ = {isa = PBXFileReference; fileEncoding = 4; lastKnownFileType = sourcecode.c.objc; path = CHBaseViewCModel.m; sourceTree = "<group>"; };
		FD24800D1F682CDF00CA30BB /* MHBaseNavigationBar.h */ = {isa = PBXFileReference; fileEncoding = 4; lastKnownFileType = sourcecode.c.h; path = MHBaseNavigationBar.h; sourceTree = "<group>"; };
		FD24800E1F682CDF00CA30BB /* MHBaseNavigationBar.m */ = {isa = PBXFileReference; fileEncoding = 4; lastKnownFileType = sourcecode.c.objc; path = MHBaseNavigationBar.m; sourceTree = "<group>"; };
		FD24800F1F682CDF00CA30BB /* MHBaseNavigationBar.xib */ = {isa = PBXFileReference; fileEncoding = 4; lastKnownFileType = file.xib; path = MHBaseNavigationBar.xib; sourceTree = "<group>"; };
		FD2480191F682DF700CA30BB /* CHServiceDetailsViewController.h */ = {isa = PBXFileReference; fileEncoding = 4; lastKnownFileType = sourcecode.c.h; path = CHServiceDetailsViewController.h; sourceTree = "<group>"; };
		FD24801A1F682DF700CA30BB /* CHServiceDetailsViewController.m */ = {isa = PBXFileReference; fileEncoding = 4; lastKnownFileType = sourcecode.c.objc; path = CHServiceDetailsViewController.m; sourceTree = "<group>"; };
		FD24801D1F6836F500CA30BB /* AppDelegate.h */ = {isa = PBXFileReference; fileEncoding = 4; lastKnownFileType = sourcecode.c.h; path = AppDelegate.h; sourceTree = "<group>"; };
		FD24801E1F6836F500CA30BB /* AppDelegate.m */ = {isa = PBXFileReference; fileEncoding = 4; lastKnownFileType = sourcecode.c.objc; path = AppDelegate.m; sourceTree = "<group>"; };
		FD24801F1F6836F500CA30BB /* MainViewController.h */ = {isa = PBXFileReference; fileEncoding = 4; lastKnownFileType = sourcecode.c.h; path = MainViewController.h; sourceTree = "<group>"; };
		FD2480201F6836F500CA30BB /* MainViewController.m */ = {isa = PBXFileReference; fileEncoding = 4; lastKnownFileType = sourcecode.c.objc; path = MainViewController.m; sourceTree = "<group>"; };
		FD282B3F1FAACEA900B2D52D /* CHStoreInfoModel.h */ = {isa = PBXFileReference; fileEncoding = 4; lastKnownFileType = sourcecode.c.h; path = CHStoreInfoModel.h; sourceTree = "<group>"; };
		FD282B401FAACEA900B2D52D /* CHStoreInfoModel.m */ = {isa = PBXFileReference; fileEncoding = 4; lastKnownFileType = sourcecode.c.objc; path = CHStoreInfoModel.m; sourceTree = "<group>"; };
		FD282B421FAACF0600B2D52D /* CHMineModel.h */ = {isa = PBXFileReference; fileEncoding = 4; lastKnownFileType = sourcecode.c.h; path = CHMineModel.h; sourceTree = "<group>"; };
		FD282B431FAACF0600B2D52D /* CHMineModel.m */ = {isa = PBXFileReference; fileEncoding = 4; lastKnownFileType = sourcecode.c.objc; path = CHMineModel.m; sourceTree = "<group>"; };
		FD2AC5BF1F6D0A0800C45C75 /* CHServiceTableViewCell.h */ = {isa = PBXFileReference; fileEncoding = 4; lastKnownFileType = sourcecode.c.h; path = CHServiceTableViewCell.h; sourceTree = "<group>"; };
		FD2AC5C01F6D0A0800C45C75 /* CHServiceTableViewCell.m */ = {isa = PBXFileReference; fileEncoding = 4; lastKnownFileType = sourcecode.c.objc; path = CHServiceTableViewCell.m; sourceTree = "<group>"; };
		FD2C93261F9363D8007984D0 /* CHPublishServiceModel.h */ = {isa = PBXFileReference; fileEncoding = 4; lastKnownFileType = sourcecode.c.h; path = CHPublishServiceModel.h; sourceTree = "<group>"; };
		FD2C93271F9363D8007984D0 /* CHPublishServiceModel.m */ = {isa = PBXFileReference; fileEncoding = 4; lastKnownFileType = sourcecode.c.objc; path = CHPublishServiceModel.m; sourceTree = "<group>"; };
		FD2F7DF51FA4BBA000CF5B40 /* GlobalDataHeader.h */ = {isa = PBXFileReference; lastKnownFileType = sourcecode.c.h; path = GlobalDataHeader.h; sourceTree = "<group>"; };
		FD2F7DF61FA4BBD600CF5B40 /* CHGlobalDataHelper.h */ = {isa = PBXFileReference; fileEncoding = 4; lastKnownFileType = sourcecode.c.h; path = CHGlobalDataHelper.h; sourceTree = "<group>"; };
		FD2F7DF71FA4BBD600CF5B40 /* CHGlobalDataHelper.m */ = {isa = PBXFileReference; fileEncoding = 4; lastKnownFileType = sourcecode.c.objc; path = CHGlobalDataHelper.m; sourceTree = "<group>"; };
		FD2F7DFF1FA4DE8900CF5B40 /* AlipaySDK.bundle */ = {isa = PBXFileReference; lastKnownFileType = "wrapper.plug-in"; path = AlipaySDK.bundle; sourceTree = "<group>"; };
		FD2F7E001FA4DE8900CF5B40 /* AlipaySDK.framework */ = {isa = PBXFileReference; lastKnownFileType = wrapper.framework; path = AlipaySDK.framework; sourceTree = "<group>"; };
		FD3D88871FDBF77F0034083C /* HeaderView.m */ = {isa = PBXFileReference; fileEncoding = 4; lastKnownFileType = sourcecode.c.objc; path = HeaderView.m; sourceTree = "<group>"; };
		FD3D88881FDBF77F0034083C /* HeaderView.h */ = {isa = PBXFileReference; fileEncoding = 4; lastKnownFileType = sourcecode.c.h; path = HeaderView.h; sourceTree = "<group>"; };
		FD3E39531FAEAD93009E78CB /* CHSearchJobTableViewCell.h */ = {isa = PBXFileReference; fileEncoding = 4; lastKnownFileType = sourcecode.c.h; path = CHSearchJobTableViewCell.h; sourceTree = "<group>"; };
		FD3E39541FAEAD93009E78CB /* CHSearchJobTableViewCell.m */ = {isa = PBXFileReference; fileEncoding = 4; lastKnownFileType = sourcecode.c.objc; path = CHSearchJobTableViewCell.m; sourceTree = "<group>"; };
		FD3E39561FAEF005009E78CB /* CHServiceAllSerViewController.h */ = {isa = PBXFileReference; fileEncoding = 4; lastKnownFileType = sourcecode.c.h; path = CHServiceAllSerViewController.h; sourceTree = "<group>"; };
		FD3E39571FAEF005009E78CB /* CHServiceAllSerViewController.m */ = {isa = PBXFileReference; fileEncoding = 4; lastKnownFileType = sourcecode.c.objc; path = CHServiceAllSerViewController.m; sourceTree = "<group>"; };
		FD4611961F483601005D4FF6 /* HQTabBar.h */ = {isa = PBXFileReference; fileEncoding = 4; lastKnownFileType = sourcecode.c.h; path = HQTabBar.h; sourceTree = "<group>"; };
		FD4611971F483601005D4FF6 /* HQTabBar.m */ = {isa = PBXFileReference; fileEncoding = 4; lastKnownFileType = sourcecode.c.objc; path = HQTabBar.m; sourceTree = "<group>"; };
		FD59192E1F63167900FD7913 /* CHLoginViewController.h */ = {isa = PBXFileReference; fileEncoding = 4; lastKnownFileType = sourcecode.c.h; path = CHLoginViewController.h; sourceTree = "<group>"; };
		FD59192F1F63167900FD7913 /* CHLoginViewController.m */ = {isa = PBXFileReference; fileEncoding = 4; lastKnownFileType = sourcecode.c.objc; path = CHLoginViewController.m; sourceTree = "<group>"; };
		FD7967AB1F6ADA1B0049DCDB /* CHServiceUperView.h */ = {isa = PBXFileReference; fileEncoding = 4; lastKnownFileType = sourcecode.c.h; path = CHServiceUperView.h; sourceTree = "<group>"; };
		FD7967AC1F6ADA1B0049DCDB /* CHServiceUperView.m */ = {isa = PBXFileReference; fileEncoding = 4; lastKnownFileType = sourcecode.c.objc; path = CHServiceUperView.m; sourceTree = "<group>"; };
		FD7967B11F6ADB890049DCDB /* CHServiceBottomView.h */ = {isa = PBXFileReference; fileEncoding = 4; lastKnownFileType = sourcecode.c.h; path = CHServiceBottomView.h; sourceTree = "<group>"; };
		FD7967B21F6ADB890049DCDB /* CHServiceBottomView.m */ = {isa = PBXFileReference; fileEncoding = 4; lastKnownFileType = sourcecode.c.objc; path = CHServiceBottomView.m; sourceTree = "<group>"; };
		FD8F2D451F6E464500C2BA13 /* CHArticleDetailsViewController.h */ = {isa = PBXFileReference; fileEncoding = 4; lastKnownFileType = sourcecode.c.h; path = CHArticleDetailsViewController.h; sourceTree = "<group>"; };
		FD8F2D461F6E464500C2BA13 /* CHArticleDetailsViewController.m */ = {isa = PBXFileReference; fileEncoding = 4; lastKnownFileType = sourcecode.c.objc; path = CHArticleDetailsViewController.m; sourceTree = "<group>"; };
		FD8FFFB71FAD810A002A81ED /* CHFindServiceBrowseView.h */ = {isa = PBXFileReference; fileEncoding = 4; lastKnownFileType = sourcecode.c.h; path = CHFindServiceBrowseView.h; sourceTree = "<group>"; };
		FD8FFFB81FAD810A002A81ED /* CHFindServiceBrowseView.m */ = {isa = PBXFileReference; fileEncoding = 4; lastKnownFileType = sourcecode.c.objc; path = CHFindServiceBrowseView.m; sourceTree = "<group>"; };
		FD9448AB1F52EE3D001FC5CD /* CHNetWorkHelper.h */ = {isa = PBXFileReference; fileEncoding = 4; lastKnownFileType = sourcecode.c.h; path = CHNetWorkHelper.h; sourceTree = "<group>"; };
		FD9448AC1F52EE3D001FC5CD /* CHNetWorkHelper.m */ = {isa = PBXFileReference; fileEncoding = 4; lastKnownFileType = sourcecode.c.objc; path = CHNetWorkHelper.m; sourceTree = "<group>"; };
		FDA1BF501FB68E0600AE64B7 /* CHFocusViewController.h */ = {isa = PBXFileReference; fileEncoding = 4; lastKnownFileType = sourcecode.c.h; path = CHFocusViewController.h; sourceTree = "<group>"; };
		FDA1BF511FB68E0600AE64B7 /* CHFocusViewController.m */ = {isa = PBXFileReference; fileEncoding = 4; lastKnownFileType = sourcecode.c.objc; path = CHFocusViewController.m; sourceTree = "<group>"; };
		FDA1BF531FB68F2500AE64B7 /* CHFocusTableViewCell.h */ = {isa = PBXFileReference; fileEncoding = 4; lastKnownFileType = sourcecode.c.h; path = CHFocusTableViewCell.h; sourceTree = "<group>"; };
		FDA1BF541FB68F2500AE64B7 /* CHFocusTableViewCell.m */ = {isa = PBXFileReference; fileEncoding = 4; lastKnownFileType = sourcecode.c.objc; path = CHFocusTableViewCell.m; sourceTree = "<group>"; };
		FDAE51C71FAC4ECD00A8FF10 /* CHFindServiceHeadView.h */ = {isa = PBXFileReference; fileEncoding = 4; lastKnownFileType = sourcecode.c.h; path = CHFindServiceHeadView.h; sourceTree = "<group>"; };
		FDAE51C81FAC4ECD00A8FF10 /* CHFindServiceHeadView.m */ = {isa = PBXFileReference; fileEncoding = 4; lastKnownFileType = sourcecode.c.objc; path = CHFindServiceHeadView.m; sourceTree = "<group>"; };
		FDAE51CA1FAC7CE100A8FF10 /* CHFindServicePopPanel.h */ = {isa = PBXFileReference; fileEncoding = 4; lastKnownFileType = sourcecode.c.h; path = CHFindServicePopPanel.h; sourceTree = "<group>"; };
		FDAE51CB1FAC7CE100A8FF10 /* CHFindServicePopPanel.m */ = {isa = PBXFileReference; fileEncoding = 4; lastKnownFileType = sourcecode.c.objc; path = CHFindServicePopPanel.m; sourceTree = "<group>"; };
		FDC3606E1F483D9E00AC4A81 /* CHPublishViewController.h */ = {isa = PBXFileReference; fileEncoding = 4; lastKnownFileType = sourcecode.c.h; path = CHPublishViewController.h; sourceTree = "<group>"; };
		FDC3606F1F483D9E00AC4A81 /* CHPublishViewController.m */ = {isa = PBXFileReference; fileEncoding = 4; lastKnownFileType = sourcecode.c.objc; path = CHPublishViewController.m; sourceTree = "<group>"; };
		FDC360711F484DA700AC4A81 /* CHPublishArticleViewController.h */ = {isa = PBXFileReference; fileEncoding = 4; lastKnownFileType = sourcecode.c.h; path = CHPublishArticleViewController.h; sourceTree = "<group>"; };
		FDC360721F484DA700AC4A81 /* CHPublishArticleViewController.m */ = {isa = PBXFileReference; fileEncoding = 4; lastKnownFileType = sourcecode.c.objc; path = CHPublishArticleViewController.m; sourceTree = "<group>"; };
		FDC360741F484DC700AC4A81 /* CHPublishServeViewController.h */ = {isa = PBXFileReference; fileEncoding = 4; lastKnownFileType = sourcecode.c.h; path = CHPublishServeViewController.h; sourceTree = "<group>"; };
		FDC360751F484DC700AC4A81 /* CHPublishServeViewController.m */ = {isa = PBXFileReference; fileEncoding = 4; lastKnownFileType = sourcecode.c.objc; path = CHPublishServeViewController.m; sourceTree = "<group>"; };
		FDC79DCC1FADD07500C3D464 /* CHFindServiceOptimizedView.h */ = {isa = PBXFileReference; fileEncoding = 4; lastKnownFileType = sourcecode.c.h; path = CHFindServiceOptimizedView.h; sourceTree = "<group>"; };
		FDC79DCD1FADD07500C3D464 /* CHFindServiceOptimizedView.m */ = {isa = PBXFileReference; fileEncoding = 4; lastKnownFileType = sourcecode.c.objc; path = CHFindServiceOptimizedView.m; sourceTree = "<group>"; };
		FDDD733F1F6C37E100652666 /* CHServiceCellModel.h */ = {isa = PBXFileReference; fileEncoding = 4; lastKnownFileType = sourcecode.c.h; path = CHServiceCellModel.h; sourceTree = "<group>"; };
		FDDD73401F6C37E100652666 /* CHServiceCellModel.m */ = {isa = PBXFileReference; fileEncoding = 4; lastKnownFileType = sourcecode.c.objc; path = CHServiceCellModel.m; sourceTree = "<group>"; };
		FDDDC1091F7768B600242F3E /* CHArticleDetailsTableViewCell.h */ = {isa = PBXFileReference; fileEncoding = 4; lastKnownFileType = sourcecode.c.h; path = CHArticleDetailsTableViewCell.h; sourceTree = "<group>"; };
		FDDDC10A1F7768B600242F3E /* CHArticleDetailsTableViewCell.m */ = {isa = PBXFileReference; fileEncoding = 4; lastKnownFileType = sourcecode.c.objc; path = CHArticleDetailsTableViewCell.m; sourceTree = "<group>"; };
		FDDDC10C1F777ED300242F3E /* CHArticleContentView.h */ = {isa = PBXFileReference; fileEncoding = 4; lastKnownFileType = sourcecode.c.h; path = CHArticleContentView.h; sourceTree = "<group>"; };
		FDDDC10D1F777ED300242F3E /* CHArticleContentView.m */ = {isa = PBXFileReference; fileEncoding = 4; lastKnownFileType = sourcecode.c.objc; path = CHArticleContentView.m; sourceTree = "<group>"; };
		FDDDC1141F77C01500242F3E /* CHPublishArticleModel.h */ = {isa = PBXFileReference; fileEncoding = 4; lastKnownFileType = sourcecode.c.h; path = CHPublishArticleModel.h; sourceTree = "<group>"; };
		FDDDC1151F77C01500242F3E /* CHPublishArticleModel.m */ = {isa = PBXFileReference; fileEncoding = 4; lastKnownFileType = sourcecode.c.objc; path = CHPublishArticleModel.m; sourceTree = "<group>"; };
		FDE0A3AE1FAF075800058149 /* CHAllServiceTableViewCell.h */ = {isa = PBXFileReference; fileEncoding = 4; lastKnownFileType = sourcecode.c.h; path = CHAllServiceTableViewCell.h; sourceTree = "<group>"; };
		FDE0A3AF1FAF075800058149 /* CHAllServiceTableViewCell.m */ = {isa = PBXFileReference; fileEncoding = 4; lastKnownFileType = sourcecode.c.objc; path = CHAllServiceTableViewCell.m; sourceTree = "<group>"; };
		FDE0A3B21FAF15C600058149 /* CHSeeMapViewController.h */ = {isa = PBXFileReference; fileEncoding = 4; lastKnownFileType = sourcecode.c.h; path = CHSeeMapViewController.h; sourceTree = "<group>"; };
		FDE0A3B31FAF15C600058149 /* CHSeeMapViewController.m */ = {isa = PBXFileReference; fileEncoding = 4; lastKnownFileType = sourcecode.c.objc; path = CHSeeMapViewController.m; sourceTree = "<group>"; };
		FDE396CA1FA5BABC00143D1B /* CHCardsPanelModel.h */ = {isa = PBXFileReference; fileEncoding = 4; lastKnownFileType = sourcecode.c.h; path = CHCardsPanelModel.h; sourceTree = "<group>"; };
		FDE396CB1FA5BABC00143D1B /* CHCardsPanelModel.m */ = {isa = PBXFileReference; fileEncoding = 4; lastKnownFileType = sourcecode.c.objc; path = CHCardsPanelModel.m; sourceTree = "<group>"; };
		FDE396CC1FA5BABC00143D1B /* CHCategoryItemModel.h */ = {isa = PBXFileReference; fileEncoding = 4; lastKnownFileType = sourcecode.c.h; path = CHCategoryItemModel.h; sourceTree = "<group>"; };
		FDE396CD1FA5BABC00143D1B /* CHCategoryItemModel.m */ = {isa = PBXFileReference; fileEncoding = 4; lastKnownFileType = sourcecode.c.objc; path = CHCategoryItemModel.m; sourceTree = "<group>"; };
		FDE396CE1FA5BABC00143D1B /* CHMerchentModel.h */ = {isa = PBXFileReference; fileEncoding = 4; lastKnownFileType = sourcecode.c.h; path = CHMerchentModel.h; sourceTree = "<group>"; };
		FDE396CF1FA5BABC00143D1B /* CHMerchentModel.m */ = {isa = PBXFileReference; fileEncoding = 4; lastKnownFileType = sourcecode.c.objc; path = CHMerchentModel.m; sourceTree = "<group>"; };
		FDE396D01FA5BABC00143D1B /* CHOverbalanceModel.h */ = {isa = PBXFileReference; fileEncoding = 4; lastKnownFileType = sourcecode.c.h; path = CHOverbalanceModel.h; sourceTree = "<group>"; };
		FDE396D11FA5BABC00143D1B /* CHOverbalanceModel.m */ = {isa = PBXFileReference; fileEncoding = 4; lastKnownFileType = sourcecode.c.objc; path = CHOverbalanceModel.m; sourceTree = "<group>"; };
		FDE396D21FA5BABC00143D1B /* RootObjectModel.h */ = {isa = PBXFileReference; fileEncoding = 4; lastKnownFileType = sourcecode.c.h; path = RootObjectModel.h; sourceTree = "<group>"; };
		FDE396D31FA5BABC00143D1B /* RootObjectModel.m */ = {isa = PBXFileReference; fileEncoding = 4; lastKnownFileType = sourcecode.c.objc; path = RootObjectModel.m; sourceTree = "<group>"; };
		FDE396D51FA5BABC00143D1B /* RootHeaderViewController.h */ = {isa = PBXFileReference; fileEncoding = 4; lastKnownFileType = sourcecode.c.h; path = RootHeaderViewController.h; sourceTree = "<group>"; };
		FDE396D61FA5BABC00143D1B /* RootHeaderViewController.m */ = {isa = PBXFileReference; fileEncoding = 4; lastKnownFileType = sourcecode.c.objc; path = RootHeaderViewController.m; sourceTree = "<group>"; };
		FDE396D81FA5BABC00143D1B /* CHCardsPanelView.h */ = {isa = PBXFileReference; fileEncoding = 4; lastKnownFileType = sourcecode.c.h; path = CHCardsPanelView.h; sourceTree = "<group>"; };
		FDE396D91FA5BABC00143D1B /* CHCardsPanelView.m */ = {isa = PBXFileReference; fileEncoding = 4; lastKnownFileType = sourcecode.c.objc; path = CHCardsPanelView.m; sourceTree = "<group>"; };
		FDE396DA1FA5BABC00143D1B /* CHCategoryCollectionViewCell.h */ = {isa = PBXFileReference; fileEncoding = 4; lastKnownFileType = sourcecode.c.h; path = CHCategoryCollectionViewCell.h; sourceTree = "<group>"; };
		FDE396DB1FA5BABC00143D1B /* CHCategoryCollectionViewCell.m */ = {isa = PBXFileReference; fileEncoding = 4; lastKnownFileType = sourcecode.c.objc; path = CHCategoryCollectionViewCell.m; sourceTree = "<group>"; };
		FDE396DC1FA5BABC00143D1B /* CHMapView.h */ = {isa = PBXFileReference; fileEncoding = 4; lastKnownFileType = sourcecode.c.h; path = CHMapView.h; sourceTree = "<group>"; };
		FDE396DD1FA5BABC00143D1B /* CHMapView.m */ = {isa = PBXFileReference; fileEncoding = 4; lastKnownFileType = sourcecode.c.objc; path = CHMapView.m; sourceTree = "<group>"; };
		FDE396DE1FA5BABC00143D1B /* CHMerchantView.h */ = {isa = PBXFileReference; fileEncoding = 4; lastKnownFileType = sourcecode.c.h; path = CHMerchantView.h; sourceTree = "<group>"; };
		FDE396DF1FA5BABC00143D1B /* CHMerchantView.m */ = {isa = PBXFileReference; fileEncoding = 4; lastKnownFileType = sourcecode.c.objc; path = CHMerchantView.m; sourceTree = "<group>"; };
		FDE396E01FA5BABC00143D1B /* CHMerchentTableViewCell.h */ = {isa = PBXFileReference; fileEncoding = 4; lastKnownFileType = sourcecode.c.h; path = CHMerchentTableViewCell.h; sourceTree = "<group>"; };
		FDE396E11FA5BABC00143D1B /* CHMerchentTableViewCell.m */ = {isa = PBXFileReference; fileEncoding = 4; lastKnownFileType = sourcecode.c.objc; path = CHMerchentTableViewCell.m; sourceTree = "<group>"; };
		FDE396E21FA5BABC00143D1B /* CHOverbalanceCollectionViewCell.h */ = {isa = PBXFileReference; fileEncoding = 4; lastKnownFileType = sourcecode.c.h; path = CHOverbalanceCollectionViewCell.h; sourceTree = "<group>"; };
		FDE396E31FA5BABC00143D1B /* CHOverbalanceCollectionViewCell.m */ = {isa = PBXFileReference; fileEncoding = 4; lastKnownFileType = sourcecode.c.objc; path = CHOverbalanceCollectionViewCell.m; sourceTree = "<group>"; };
		FDE396E41FA5BABC00143D1B /* CHOverbalanceView.h */ = {isa = PBXFileReference; fileEncoding = 4; lastKnownFileType = sourcecode.c.h; path = CHOverbalanceView.h; sourceTree = "<group>"; };
		FDE396E51FA5BABC00143D1B /* CHOverbalanceView.m */ = {isa = PBXFileReference; fileEncoding = 4; lastKnownFileType = sourcecode.c.objc; path = CHOverbalanceView.m; sourceTree = "<group>"; };
		FDE396E81FA5BABC00143D1B /* HomeNavView.h */ = {isa = PBXFileReference; fileEncoding = 4; lastKnownFileType = sourcecode.c.h; path = HomeNavView.h; sourceTree = "<group>"; };
		FDE396E91FA5BABC00143D1B /* HomeNavView.m */ = {isa = PBXFileReference; fileEncoding = 4; lastKnownFileType = sourcecode.c.objc; path = HomeNavView.m; sourceTree = "<group>"; };
		FDE396EC1FA5BABC00143D1B /* CHMessageModel.h */ = {isa = PBXFileReference; fileEncoding = 4; lastKnownFileType = sourcecode.c.h; path = CHMessageModel.h; sourceTree = "<group>"; };
		FDE396ED1FA5BABC00143D1B /* CHMessageModel.m */ = {isa = PBXFileReference; fileEncoding = 4; lastKnownFileType = sourcecode.c.objc; path = CHMessageModel.m; sourceTree = "<group>"; };
		FDE396EF1FA5BABC00143D1B /* CHChatLocationViewController.h */ = {isa = PBXFileReference; fileEncoding = 4; lastKnownFileType = sourcecode.c.h; path = CHChatLocationViewController.h; sourceTree = "<group>"; };
		FDE396F01FA5BABC00143D1B /* CHChatLocationViewController.m */ = {isa = PBXFileReference; fileEncoding = 4; lastKnownFileType = sourcecode.c.objc; path = CHChatLocationViewController.m; sourceTree = "<group>"; };
		FDE396F11FA5BABC00143D1B /* CHChatRoomViewController.h */ = {isa = PBXFileReference; fileEncoding = 4; lastKnownFileType = sourcecode.c.h; path = CHChatRoomViewController.h; sourceTree = "<group>"; };
		FDE396F21FA5BABC00143D1B /* CHChatRoomViewController.m */ = {isa = PBXFileReference; fileEncoding = 4; lastKnownFileType = sourcecode.c.objc; path = CHChatRoomViewController.m; sourceTree = "<group>"; };
		FDE396F51FA5BABC00143D1B /* CHMessageViewController.h */ = {isa = PBXFileReference; fileEncoding = 4; lastKnownFileType = sourcecode.c.h; path = CHMessageViewController.h; sourceTree = "<group>"; };
		FDE396F61FA5BABC00143D1B /* CHMessageViewController.m */ = {isa = PBXFileReference; fileEncoding = 4; lastKnownFileType = sourcecode.c.objc; path = CHMessageViewController.m; sourceTree = "<group>"; };
		FDE396F81FA5BABC00143D1B /* CHMessageTableViewCell.h */ = {isa = PBXFileReference; fileEncoding = 4; lastKnownFileType = sourcecode.c.h; path = CHMessageTableViewCell.h; sourceTree = "<group>"; };
		FDE396F91FA5BABC00143D1B /* CHMessageTableViewCell.m */ = {isa = PBXFileReference; fileEncoding = 4; lastKnownFileType = sourcecode.c.objc; path = CHMessageTableViewCell.m; sourceTree = "<group>"; };
		FDE396FC1FA5BABC00143D1B /* CHArticleListTableViewCell.h */ = {isa = PBXFileReference; fileEncoding = 4; lastKnownFileType = sourcecode.c.h; path = CHArticleListTableViewCell.h; sourceTree = "<group>"; };
		FDE396FD1FA5BABC00143D1B /* CHArticleListTableViewCell.m */ = {isa = PBXFileReference; fileEncoding = 4; lastKnownFileType = sourcecode.c.objc; path = CHArticleListTableViewCell.m; sourceTree = "<group>"; };
		FDE396FF1FA5BABC00143D1B /* CHArticleAndServiceListViewController.h */ = {isa = PBXFileReference; fileEncoding = 4; lastKnownFileType = sourcecode.c.h; path = CHArticleAndServiceListViewController.h; sourceTree = "<group>"; };
		FDE397001FA5BABC00143D1B /* CHArticleAndServiceListViewController.m */ = {isa = PBXFileReference; fileEncoding = 4; lastKnownFileType = sourcecode.c.objc; path = CHArticleAndServiceListViewController.m; sourceTree = "<group>"; };
		FDE397011FA5BABC00143D1B /* CHMyArticleAndServiceViewModel.h */ = {isa = PBXFileReference; fileEncoding = 4; lastKnownFileType = sourcecode.c.h; path = CHMyArticleAndServiceViewModel.h; sourceTree = "<group>"; };
		FDE397021FA5BABC00143D1B /* CHMyArticleAndServiceViewModel.m */ = {isa = PBXFileReference; fileEncoding = 4; lastKnownFileType = sourcecode.c.objc; path = CHMyArticleAndServiceViewModel.m; sourceTree = "<group>"; };
		FDE397031FA5BABC00143D1B /* RootMineViewController.h */ = {isa = PBXFileReference; fileEncoding = 4; lastKnownFileType = sourcecode.c.h; path = RootMineViewController.h; sourceTree = "<group>"; };
		FDE397041FA5BABC00143D1B /* RootMineViewController.m */ = {isa = PBXFileReference; fileEncoding = 4; lastKnownFileType = sourcecode.c.objc; path = RootMineViewController.m; sourceTree = "<group>"; };
		FDE397061FA5BABC00143D1B /* CellSPaceCollectionReusableView.h */ = {isa = PBXFileReference; fileEncoding = 4; lastKnownFileType = sourcecode.c.h; path = CellSPaceCollectionReusableView.h; sourceTree = "<group>"; };
		FDE397071FA5BABC00143D1B /* CellSPaceCollectionReusableView.m */ = {isa = PBXFileReference; fileEncoding = 4; lastKnownFileType = sourcecode.c.objc; path = CellSPaceCollectionReusableView.m; sourceTree = "<group>"; };
		FDE397081FA5BABC00143D1B /* CellSPaceCollectionReusableView.xib */ = {isa = PBXFileReference; fileEncoding = 4; lastKnownFileType = file.xib; path = CellSPaceCollectionReusableView.xib; sourceTree = "<group>"; };
		FDE397091FA5BABC00143D1B /* MHMineHeaderCollectionReusableView.h */ = {isa = PBXFileReference; fileEncoding = 4; lastKnownFileType = sourcecode.c.h; path = MHMineHeaderCollectionReusableView.h; sourceTree = "<group>"; };
		FDE3970A1FA5BABC00143D1B /* MHMineHeaderCollectionReusableView.m */ = {isa = PBXFileReference; fileEncoding = 4; lastKnownFileType = sourcecode.c.objc; path = MHMineHeaderCollectionReusableView.m; sourceTree = "<group>"; };
		FDE3970B1FA5BABC00143D1B /* MHMineHeaderCollectionReusableView.xib */ = {isa = PBXFileReference; fileEncoding = 4; lastKnownFileType = file.xib; path = MHMineHeaderCollectionReusableView.xib; sourceTree = "<group>"; };
		FDE3970C1FA5BABC00143D1B /* MineCollectionViewCell.h */ = {isa = PBXFileReference; fileEncoding = 4; lastKnownFileType = sourcecode.c.h; path = MineCollectionViewCell.h; sourceTree = "<group>"; };
		FDE3970D1FA5BABC00143D1B /* MineCollectionViewCell.m */ = {isa = PBXFileReference; fileEncoding = 4; lastKnownFileType = sourcecode.c.objc; path = MineCollectionViewCell.m; sourceTree = "<group>"; };
		FDE3970E1FA5BABC00143D1B /* MineCollectionViewCell.xib */ = {isa = PBXFileReference; fileEncoding = 4; lastKnownFileType = file.xib; path = MineCollectionViewCell.xib; sourceTree = "<group>"; };
		FDE3974B1FA5C80600143D1B /* CHDiscoverModel.h */ = {isa = PBXFileReference; fileEncoding = 4; lastKnownFileType = sourcecode.c.h; path = CHDiscoverModel.h; sourceTree = "<group>"; };
		FDE3974C1FA5C80600143D1B /* CHDiscoverModel.m */ = {isa = PBXFileReference; fileEncoding = 4; lastKnownFileType = sourcecode.c.objc; path = CHDiscoverModel.m; sourceTree = "<group>"; };
		FDE3974E1FA5C80600143D1B /* CHDiscoverViewController.h */ = {isa = PBXFileReference; fileEncoding = 4; lastKnownFileType = sourcecode.c.h; path = CHDiscoverViewController.h; sourceTree = "<group>"; };
		FDE3974F1FA5C80600143D1B /* CHDiscoverViewController.m */ = {isa = PBXFileReference; fileEncoding = 4; lastKnownFileType = sourcecode.c.objc; path = CHDiscoverViewController.m; sourceTree = "<group>"; };
		FDE397511FA5C80600143D1B /* CHDiscoverTableViewCell.h */ = {isa = PBXFileReference; fileEncoding = 4; lastKnownFileType = sourcecode.c.h; path = CHDiscoverTableViewCell.h; sourceTree = "<group>"; };
		FDE397521FA5C80600143D1B /* CHDiscoverTableViewCell.m */ = {isa = PBXFileReference; fileEncoding = 4; lastKnownFileType = sourcecode.c.objc; path = CHDiscoverTableViewCell.m; sourceTree = "<group>"; };
		FDE46CAA1FAB21790013F684 /* CHStoreInfoViewController.h */ = {isa = PBXFileReference; fileEncoding = 4; lastKnownFileType = sourcecode.c.h; path = CHStoreInfoViewController.h; sourceTree = "<group>"; };
		FDE46CAB1FAB21790013F684 /* CHStoreInfoViewController.m */ = {isa = PBXFileReference; fileEncoding = 4; lastKnownFileType = sourcecode.c.objc; path = CHStoreInfoViewController.m; sourceTree = "<group>"; };
		FDEECDFA1FB977310035195F /* CHOverBalanceViewController.h */ = {isa = PBXFileReference; fileEncoding = 4; lastKnownFileType = sourcecode.c.h; path = CHOverBalanceViewController.h; sourceTree = "<group>"; };
		FDEECDFB1FB977310035195F /* CHOverBalanceViewController.m */ = {isa = PBXFileReference; fileEncoding = 4; lastKnownFileType = sourcecode.c.objc; path = CHOverBalanceViewController.m; sourceTree = "<group>"; };
		FDF4BAA81FB00FAA002A90A3 /* CHShoppingCartViewController.h */ = {isa = PBXFileReference; fileEncoding = 4; lastKnownFileType = sourcecode.c.h; path = CHShoppingCartViewController.h; sourceTree = "<group>"; };
		FDF4BAA91FB00FAA002A90A3 /* CHShoppingCartViewController.m */ = {isa = PBXFileReference; fileEncoding = 4; lastKnownFileType = sourcecode.c.objc; path = CHShoppingCartViewController.m; sourceTree = "<group>"; };
		FDF4BAAC1FB024B3002A90A3 /* CHShoppingCartTableViewCell.h */ = {isa = PBXFileReference; fileEncoding = 4; lastKnownFileType = sourcecode.c.h; path = CHShoppingCartTableViewCell.h; sourceTree = "<group>"; };
		FDF4BAAD1FB024B3002A90A3 /* CHShoppingCartTableViewCell.m */ = {isa = PBXFileReference; fileEncoding = 4; lastKnownFileType = sourcecode.c.objc; path = CHShoppingCartTableViewCell.m; sourceTree = "<group>"; };
		FDF4BAAF1FB054E2002A90A3 /* CHSubmitOrderViewController.h */ = {isa = PBXFileReference; fileEncoding = 4; lastKnownFileType = sourcecode.c.h; path = CHSubmitOrderViewController.h; sourceTree = "<group>"; };
		FDF4BAB01FB054E2002A90A3 /* CHSubmitOrderViewController.m */ = {isa = PBXFileReference; fileEncoding = 4; lastKnownFileType = sourcecode.c.objc; path = CHSubmitOrderViewController.m; sourceTree = "<group>"; };
		FDFC98161FAE0BAE0039CF32 /* CHFindPeopleBrowseView.h */ = {isa = PBXFileReference; fileEncoding = 4; lastKnownFileType = sourcecode.c.h; path = CHFindPeopleBrowseView.h; sourceTree = "<group>"; };
		FDFC98171FAE0BAE0039CF32 /* CHFindPeopleBrowseView.m */ = {isa = PBXFileReference; fileEncoding = 4; lastKnownFileType = sourcecode.c.objc; path = CHFindPeopleBrowseView.m; sourceTree = "<group>"; };
/* End PBXFileReference section */

/* Begin PBXFrameworksBuildPhase section */
		A9DA45FC1F1630C900E3DB17 /* Frameworks */ = {
			isa = PBXFrameworksBuildPhase;
			buildActionMask = 2147483647;
			files = (
				E4B1833D8426DB219D7C009A /* libPods-shenbianapp.a in Frameworks */,
				FD2F7E021FA4DE8900CF5B40 /* AlipaySDK.framework in Frameworks */,
			);
			runOnlyForDeploymentPostprocessing = 0;
		};
/* End PBXFrameworksBuildPhase section */

/* Begin PBXGroup section */
		1DD85C26A4B2B5437B4FC297 /* Pods */ = {
			isa = PBXGroup;
			children = (
				581124BAB8EFB6F3CB2D9F2C /* Pods-shenbianapp.debug.xcconfig */,
				D0437902C935BCE328CB8E82 /* Pods-shenbianapp.release.xcconfig */,
			);
			name = Pods;
			sourceTree = "<group>";
		};
		A99FB6831F186C9600D6C447 /* shenbianTools */ = {
			isa = PBXGroup;
			children = (
				A99FB6A71F1AEEEA00D6C447 /* MHCollectionViewFlowLayout.h */,
				A99FB6A81F1AEEEA00D6C447 /* MHCollectionViewFlowLayout.m */,
				A99FB6841F186CDA00D6C447 /* UIColor+Common.h */,
				A99FB6851F186CDA00D6C447 /* UIColor+Common.m */,
				A99FB6871F186E2000D6C447 /* UIView+UIViewAdditions.h */,
				A99FB6881F186E2000D6C447 /* UIView+UIViewAdditions.m */,
				A99FB68A1F186EA100D6C447 /* UIView+Extension.h */,
				A99FB68B1F186EA100D6C447 /* UIView+Extension.m */,
				A99FB6931F18764200D6C447 /* LXButton.h */,
				A99FB6941F18764200D6C447 /* LXButton.m */,
				FD4611961F483601005D4FF6 /* HQTabBar.h */,
				FD4611971F483601005D4FF6 /* HQTabBar.m */,
			);
			path = shenbianTools;
			sourceTree = "<group>";
		};
		A9DA45F61F1630C900E3DB17 = {
			isa = PBXGroup;
			children = (
				A9DA46011F1630CA00E3DB17 /* shenbianapp */,
				A9DA461B1F1630CA00E3DB17 /* shenbianappTests */,
				A9DA46001F1630CA00E3DB17 /* Products */,
				1DD85C26A4B2B5437B4FC297 /* Pods */,
				B17D9DCAC7E8941C58663AC5 /* Frameworks */,
			);
			sourceTree = "<group>";
		};
		A9DA46001F1630CA00E3DB17 /* Products */ = {
			isa = PBXGroup;
			children = (
				A9DA45FF1F1630CA00E3DB17 /* shenbianapp.app */,
			);
			name = Products;
			sourceTree = "<group>";
		};
		A9DA46011F1630CA00E3DB17 /* shenbianapp */ = {
			isa = PBXGroup;
			children = (
				FD06FBC01FB59094008F70CB /* LoacationSearch */,
				FD2F7DF41FA4BB5D00CF5B40 /* GlobalData */,
				FD1774131F4950FB00476D98 /* CHExtension */,
				FD24801C1F6836A600CA30BB /* RootViewController */,
				FD2480001F682CDF00CA30BB /* BaseViewControllers */,
				FDE396C81FA5BABC00143D1B /* HomePage */,
				FDE396EA1FA5BABC00143D1B /* Message */,
				FDE397491FA5C80600143D1B /* Discover */,
				FDE396FA1FA5BABC00143D1B /* Mine */,
				FD9448AA1F52ED48001FC5CD /* Network */,
				FD59192A1F63161100FD7913 /* Login */,
				A99FB6831F186C9600D6C447 /* shenbianTools */,
				FDC3606D1F483D9E00AC4A81 /* Publish */,
				FD2480181F682D8600CA30BB /* ServiceDetails */,
				FD8F2D441F6E460500C2BA13 /* ArticleDetails */,
				FDF4BAA71FB00F92002A90A3 /* ShoppingCart */,
				FD2F7DF91FA4DE4500CF5B40 /* ThirdLibs */,
				A9DA46021F1630CA00E3DB17 /* Supporting Files */,
			);
			path = shenbianapp;
			sourceTree = "<group>";
		};
		A9DA46021F1630CA00E3DB17 /* Supporting Files */ = {
			isa = PBXGroup;
			children = (
				A9DA460E1F1630CA00E3DB17 /* Assets.xcassets */,
				A9DA46101F1630CA00E3DB17 /* LaunchScreen.storyboard */,
				A9DDC3401F164FFB00CFB5F3 /* Main.storyboard */,
				A9DA46131F1630CA00E3DB17 /* Info.plist */,
				A9DDC31D1F163B3A00CFB5F3 /* shenbianHeader.pch */,
				A9DA46031F1630CA00E3DB17 /* main.m */,
			);
			name = "Supporting Files";
			sourceTree = "<group>";
		};
		A9DA461B1F1630CA00E3DB17 /* shenbianappTests */ = {
			isa = PBXGroup;
			children = (
				A9DA461C1F1630CA00E3DB17 /* shenbianappTests.m */,
				A9DA461E1F1630CA00E3DB17 /* Info.plist */,
			);
			path = shenbianappTests;
			sourceTree = "<group>";
		};
		B17D9DCAC7E8941C58663AC5 /* Frameworks */ = {
			isa = PBXGroup;
			children = (
				75880CF1E4E8A7C0152AF9D9 /* libPods-shenbianapp.a */,
			);
			name = Frameworks;
			sourceTree = "<group>";
		};
		FD06FBC01FB59094008F70CB /* LoacationSearch */ = {
			isa = PBXGroup;
			children = (
				FD06FBC11FB590AE008F70CB /* CHLoacationSearchViewController.h */,
				FD06FBC21FB590AE008F70CB /* CHLoacationSearchViewController.m */,
			);
			path = LoacationSearch;
			sourceTree = "<group>";
		};
		FD06FBC51FB5CA5A008F70CB /* Cells */ = {
			isa = PBXGroup;
			children = (
				FD3D88881FDBF77F0034083C /* HeaderView.h */,
				FD3D88871FDBF77F0034083C /* HeaderView.m */,
				FD0CFF691F6431D7004FA3CF /* CHPulishAnswer.xib */,
				FD0CFF6B1F64545C004FA3CF /* CHPublishServiceTableViewCell.h */,
				FD0CFF6C1F64545C004FA3CF /* CHPublishServiceTableViewCell.m */,
			);
			name = Cells;
			sourceTree = "<group>";
		};
		FD1774131F4950FB00476D98 /* CHExtension */ = {
			isa = PBXGroup;
			children = (
				FD17741E1F4955B000476D98 /* UIView+Dashline.h */,
				FD17741F1F4955B000476D98 /* UIView+Dashline.m */,
				FD1774211F4956E000476D98 /* CHExtension.h */,
			);
			path = CHExtension;
			sourceTree = "<group>";
		};
		FD22A60D1FAC3C5B00C1F926 /* HomeViews */ = {
			isa = PBXGroup;
			children = (
				FDE396E81FA5BABC00143D1B /* HomeNavView.h */,
				FDE396E91FA5BABC00143D1B /* HomeNavView.m */,
				FDE396D81FA5BABC00143D1B /* CHCardsPanelView.h */,
				FDE396D91FA5BABC00143D1B /* CHCardsPanelView.m */,
				FDE396DA1FA5BABC00143D1B /* CHCategoryCollectionViewCell.h */,
				FDE396DB1FA5BABC00143D1B /* CHCategoryCollectionViewCell.m */,
				FDE396DC1FA5BABC00143D1B /* CHMapView.h */,
				FDE396DD1FA5BABC00143D1B /* CHMapView.m */,
				FDE396DE1FA5BABC00143D1B /* CHMerchantView.h */,
				FDE396DF1FA5BABC00143D1B /* CHMerchantView.m */,
				FDE396E01FA5BABC00143D1B /* CHMerchentTableViewCell.h */,
				FDE396E11FA5BABC00143D1B /* CHMerchentTableViewCell.m */,
				FDE396E21FA5BABC00143D1B /* CHOverbalanceCollectionViewCell.h */,
				FDE396E31FA5BABC00143D1B /* CHOverbalanceCollectionViewCell.m */,
				FDE396E41FA5BABC00143D1B /* CHOverbalanceView.h */,
				FDE396E51FA5BABC00143D1B /* CHOverbalanceView.m */,
			);
			name = HomeViews;
			sourceTree = "<group>";
		};
		FD22A60E1FAC3CA700C1F926 /* FindServiceViews */ = {
			isa = PBXGroup;
			children = (
				FDAE51C71FAC4ECD00A8FF10 /* CHFindServiceHeadView.h */,
				FDAE51C81FAC4ECD00A8FF10 /* CHFindServiceHeadView.m */,
				FDAE51CA1FAC7CE100A8FF10 /* CHFindServicePopPanel.h */,
				FDAE51CB1FAC7CE100A8FF10 /* CHFindServicePopPanel.m */,
				FD8FFFB71FAD810A002A81ED /* CHFindServiceBrowseView.h */,
				FD8FFFB81FAD810A002A81ED /* CHFindServiceBrowseView.m */,
				FDC79DCC1FADD07500C3D464 /* CHFindServiceOptimizedView.h */,
				FDC79DCD1FADD07500C3D464 /* CHFindServiceOptimizedView.m */,
			);
			name = FindServiceViews;
			sourceTree = "<group>";
		};
		FD2480001F682CDF00CA30BB /* BaseViewControllers */ = {
			isa = PBXGroup;
			children = (
				FD2480031F682CDF00CA30BB /* BaseViewController.h */,
				FD2480041F682CDF00CA30BB /* BaseViewController.m */,
				FD2480051F682CDF00CA30BB /* CHBaseNavgationViewController.h */,
				FD2480061F682CDF00CA30BB /* CHBaseNavgationViewController.m */,
				FD2480071F682CDF00CA30BB /* CHBasePresentViewController.h */,
				FD2480081F682CDF00CA30BB /* CHBasePresentViewController.m */,
				FD2480091F682CDF00CA30BB /* CHBaseViewCModel.h */,
				FD24800A1F682CDF00CA30BB /* CHBaseViewCModel.m */,
				FD24800D1F682CDF00CA30BB /* MHBaseNavigationBar.h */,
				FD24800E1F682CDF00CA30BB /* MHBaseNavigationBar.m */,
				FD24800F1F682CDF00CA30BB /* MHBaseNavigationBar.xib */,
			);
			path = BaseViewControllers;
			sourceTree = "<group>";
		};
		FD2480181F682D8600CA30BB /* ServiceDetails */ = {
			isa = PBXGroup;
			children = (
				FD7967AA1F6AD9DF0049DCDB /* Views */,
				FD2480191F682DF700CA30BB /* CHServiceDetailsViewController.h */,
				FD24801A1F682DF700CA30BB /* CHServiceDetailsViewController.m */,
			);
			path = ServiceDetails;
			sourceTree = "<group>";
		};
		FD24801C1F6836A600CA30BB /* RootViewController */ = {
			isa = PBXGroup;
			children = (
				FD24801D1F6836F500CA30BB /* AppDelegate.h */,
				FD24801E1F6836F500CA30BB /* AppDelegate.m */,
				FD24801F1F6836F500CA30BB /* MainViewController.h */,
				FD2480201F6836F500CA30BB /* MainViewController.m */,
			);
			path = RootViewController;
			sourceTree = "<group>";
		};
		FD282B3B1FAACE4400B2D52D /* Models */ = {
			isa = PBXGroup;
			children = (
				FD282B421FAACF0600B2D52D /* CHMineModel.h */,
				FD282B431FAACF0600B2D52D /* CHMineModel.m */,
				FD282B3F1FAACEA900B2D52D /* CHStoreInfoModel.h */,
				FD282B401FAACEA900B2D52D /* CHStoreInfoModel.m */,
			);
			path = Models;
			sourceTree = "<group>";
		};
		FD2F7DF41FA4BB5D00CF5B40 /* GlobalData */ = {
			isa = PBXGroup;
			children = (
				FD2F7DF51FA4BBA000CF5B40 /* GlobalDataHeader.h */,
				FD2F7DF61FA4BBD600CF5B40 /* CHGlobalDataHelper.h */,
				FD2F7DF71FA4BBD600CF5B40 /* CHGlobalDataHelper.m */,
			);
			path = GlobalData;
			sourceTree = "<group>";
		};
		FD2F7DF91FA4DE4500CF5B40 /* ThirdLibs */ = {
			isa = PBXGroup;
			children = (
				FD2F7DFE1FA4DE8900CF5B40 /* Alipay */,
			);
			path = ThirdLibs;
			sourceTree = "<group>";
		};
		FD2F7DFE1FA4DE8900CF5B40 /* Alipay */ = {
			isa = PBXGroup;
			children = (
				FD2F7DFF1FA4DE8900CF5B40 /* AlipaySDK.bundle */,
				FD2F7E001FA4DE8900CF5B40 /* AlipaySDK.framework */,
			);
			path = Alipay;
			sourceTree = "<group>";
		};
		FD3E39521FAEAD57009E78CB /* SearchJob */ = {
			isa = PBXGroup;
			children = (
				FD3E39531FAEAD93009E78CB /* CHSearchJobTableViewCell.h */,
				FD3E39541FAEAD93009E78CB /* CHSearchJobTableViewCell.m */,
			);
			name = SearchJob;
			sourceTree = "<group>";
		};
		FD59192A1F63161100FD7913 /* Login */ = {
			isa = PBXGroup;
			children = (
				FD59192E1F63167900FD7913 /* CHLoginViewController.h */,
				FD59192F1F63167900FD7913 /* CHLoginViewController.m */,
				FD0CFF5D1F63F7FB004FA3CF /* CHLoginVCModel.h */,
				FD0CFF5E1F63F7FB004FA3CF /* CHLoginVCModel.m */,
				FD0CFF671F640A21004FA3CF /* CHLoginAgreement.xib */,
			);
			path = Login;
			sourceTree = "<group>";
		};
		FD7967AA1F6AD9DF0049DCDB /* Views */ = {
			isa = PBXGroup;
			children = (
				FDDD73381F6C378100652666 /* CellModels */,
				FDDD73341F6C36B400652666 /* Cells */,
				FD7967AB1F6ADA1B0049DCDB /* CHServiceUperView.h */,
				FD7967AC1F6ADA1B0049DCDB /* CHServiceUperView.m */,
				FD7967B11F6ADB890049DCDB /* CHServiceBottomView.h */,
				FD7967B21F6ADB890049DCDB /* CHServiceBottomView.m */,
			);
			path = Views;
			sourceTree = "<group>";
		};
		FD8F2D441F6E460500C2BA13 /* ArticleDetails */ = {
			isa = PBXGroup;
			children = (
				FDDDC1081F77687600242F3E /* views */,
				FD8F2D451F6E464500C2BA13 /* CHArticleDetailsViewController.h */,
				FD8F2D461F6E464500C2BA13 /* CHArticleDetailsViewController.m */,
			);
			path = ArticleDetails;
			sourceTree = "<group>";
		};
		FD9448AA1F52ED48001FC5CD /* Network */ = {
			isa = PBXGroup;
			children = (
				FD9448AB1F52EE3D001FC5CD /* CHNetWorkHelper.h */,
				FD9448AC1F52EE3D001FC5CD /* CHNetWorkHelper.m */,
			);
			path = Network;
			sourceTree = "<group>";
		};
		FDC3606D1F483D9E00AC4A81 /* Publish */ = {
			isa = PBXGroup;
			children = (
				FD06FBC51FB5CA5A008F70CB /* Cells */,
				FDDDC1131F77BFEA00242F3E /* Models */,
				FDC3606E1F483D9E00AC4A81 /* CHPublishViewController.h */,
				FDC3606F1F483D9E00AC4A81 /* CHPublishViewController.m */,
				FDC360711F484DA700AC4A81 /* CHPublishArticleViewController.h */,
				FDC360721F484DA700AC4A81 /* CHPublishArticleViewController.m */,
				FDC360741F484DC700AC4A81 /* CHPublishServeViewController.h */,
				FDC360751F484DC700AC4A81 /* CHPublishServeViewController.m */,
				FD06FBC61FB5CAAD008F70CB /* CHSelectCategoryViewController.h */,
				FD06FBC71FB5CAAD008F70CB /* CHSelectCategoryViewController.m */,
			);
			path = Publish;
			sourceTree = "<group>";
		};
		FDDD73341F6C36B400652666 /* Cells */ = {
			isa = PBXGroup;
			children = (
				FD2AC5BF1F6D0A0800C45C75 /* CHServiceTableViewCell.h */,
				FD2AC5C01F6D0A0800C45C75 /* CHServiceTableViewCell.m */,
			);
			path = Cells;
			sourceTree = "<group>";
		};
		FDDD73381F6C378100652666 /* CellModels */ = {
			isa = PBXGroup;
			children = (
				FDDD733F1F6C37E100652666 /* CHServiceCellModel.h */,
				FDDD73401F6C37E100652666 /* CHServiceCellModel.m */,
			);
			path = CellModels;
			sourceTree = "<group>";
		};
		FDDDC1081F77687600242F3E /* views */ = {
			isa = PBXGroup;
			children = (
				FDDDC1091F7768B600242F3E /* CHArticleDetailsTableViewCell.h */,
				FDDDC10A1F7768B600242F3E /* CHArticleDetailsTableViewCell.m */,
				FDDDC10C1F777ED300242F3E /* CHArticleContentView.h */,
				FDDDC10D1F777ED300242F3E /* CHArticleContentView.m */,
			);
			path = views;
			sourceTree = "<group>";
		};
		FDDDC1131F77BFEA00242F3E /* Models */ = {
			isa = PBXGroup;
			children = (
				FDDDC1141F77C01500242F3E /* CHPublishArticleModel.h */,
				FDDDC1151F77C01500242F3E /* CHPublishArticleModel.m */,
				FD2C93261F9363D8007984D0 /* CHPublishServiceModel.h */,
				FD2C93271F9363D8007984D0 /* CHPublishServiceModel.m */,
			);
			path = Models;
			sourceTree = "<group>";
		};
		FDE0A3B11FAF075F00058149 /* AllCategory */ = {
			isa = PBXGroup;
			children = (
				FDE0A3AE1FAF075800058149 /* CHAllServiceTableViewCell.h */,
				FDE0A3AF1FAF075800058149 /* CHAllServiceTableViewCell.m */,
			);
			name = AllCategory;
			sourceTree = "<group>";
		};
		FDE396C81FA5BABC00143D1B /* HomePage */ = {
			isa = PBXGroup;
			children = (
				FDE396C91FA5BABC00143D1B /* models */,
				FDE396D41FA5BABC00143D1B /* viewContrs */,
				FDE396D71FA5BABC00143D1B /* views */,
			);
			path = HomePage;
			sourceTree = "<group>";
		};
		FDE396C91FA5BABC00143D1B /* models */ = {
			isa = PBXGroup;
			children = (
				FDE396CA1FA5BABC00143D1B /* CHCardsPanelModel.h */,
				FDE396CB1FA5BABC00143D1B /* CHCardsPanelModel.m */,
				FDE396CC1FA5BABC00143D1B /* CHCategoryItemModel.h */,
				FDE396CD1FA5BABC00143D1B /* CHCategoryItemModel.m */,
				FDE396CE1FA5BABC00143D1B /* CHMerchentModel.h */,
				FDE396CF1FA5BABC00143D1B /* CHMerchentModel.m */,
				FDE396D01FA5BABC00143D1B /* CHOverbalanceModel.h */,
				FDE396D11FA5BABC00143D1B /* CHOverbalanceModel.m */,
				FDE396D21FA5BABC00143D1B /* RootObjectModel.h */,
				FDE396D31FA5BABC00143D1B /* RootObjectModel.m */,
			);
			path = models;
			sourceTree = "<group>";
		};
		FDE396D41FA5BABC00143D1B /* viewContrs */ = {
			isa = PBXGroup;
			children = (
				FDE396D51FA5BABC00143D1B /* RootHeaderViewController.h */,
				FDE396D61FA5BABC00143D1B /* RootHeaderViewController.m */,
				FD22A6001FAC287D00C1F926 /* CHFJobSearchViewController.h */,
				FD22A6011FAC287D00C1F926 /* CHFJobSearchViewController.m */,
				FD22A6031FAC2B5900C1F926 /* CHFindPeopleViewController.h */,
				FD22A6041FAC2B5900C1F926 /* CHFindPeopleViewController.m */,
				FD22A6061FAC2B6B00C1F926 /* CHFindServiceViewController.h */,
				FD22A6071FAC2B6B00C1F926 /* CHFindServiceViewController.m */,
				FD3E39561FAEF005009E78CB /* CHServiceAllSerViewController.h */,
				FD3E39571FAEF005009E78CB /* CHServiceAllSerViewController.m */,
				FDE0A3B21FAF15C600058149 /* CHSeeMapViewController.h */,
				FDE0A3B31FAF15C600058149 /* CHSeeMapViewController.m */,
				FDEECDFA1FB977310035195F /* CHOverBalanceViewController.h */,
				FDEECDFB1FB977310035195F /* CHOverBalanceViewController.m */,
			);
			path = viewContrs;
			sourceTree = "<group>";
		};
		FDE396D71FA5BABC00143D1B /* views */ = {
			isa = PBXGroup;
			children = (
				FDFC98151FAE0B590039CF32 /* FindPeople */,
				FD22A60E1FAC3CA700C1F926 /* FindServiceViews */,
				FD22A60D1FAC3C5B00C1F926 /* HomeViews */,
				FD3E39521FAEAD57009E78CB /* SearchJob */,
				FDE0A3B11FAF075F00058149 /* AllCategory */,
			);
			path = views;
			sourceTree = "<group>";
		};
		FDE396EA1FA5BABC00143D1B /* Message */ = {
			isa = PBXGroup;
			children = (
				FDE396EB1FA5BABC00143D1B /* Models */,
				FDE396EE1FA5BABC00143D1B /* ViewControllers */,
				FDE396F71FA5BABC00143D1B /* views */,
			);
			path = Message;
			sourceTree = "<group>";
		};
		FDE396EB1FA5BABC00143D1B /* Models */ = {
			isa = PBXGroup;
			children = (
				FDE396EC1FA5BABC00143D1B /* CHMessageModel.h */,
				FDE396ED1FA5BABC00143D1B /* CHMessageModel.m */,
			);
			path = Models;
			sourceTree = "<group>";
		};
		FDE396EE1FA5BABC00143D1B /* ViewControllers */ = {
			isa = PBXGroup;
			children = (
				FDE396EF1FA5BABC00143D1B /* CHChatLocationViewController.h */,
				FDE396F01FA5BABC00143D1B /* CHChatLocationViewController.m */,
				FDE396F11FA5BABC00143D1B /* CHChatRoomViewController.h */,
				FDE396F21FA5BABC00143D1B /* CHChatRoomViewController.m */,
				FDE396F51FA5BABC00143D1B /* CHMessageViewController.h */,
				FDE396F61FA5BABC00143D1B /* CHMessageViewController.m */,
				FDA1BF501FB68E0600AE64B7 /* CHFocusViewController.h */,
				FDA1BF511FB68E0600AE64B7 /* CHFocusViewController.m */,
			);
			path = ViewControllers;
			sourceTree = "<group>";
		};
		FDE396F71FA5BABC00143D1B /* views */ = {
			isa = PBXGroup;
			children = (
				FDE396F81FA5BABC00143D1B /* CHMessageTableViewCell.h */,
				FDE396F91FA5BABC00143D1B /* CHMessageTableViewCell.m */,
				FDA1BF531FB68F2500AE64B7 /* CHFocusTableViewCell.h */,
				FDA1BF541FB68F2500AE64B7 /* CHFocusTableViewCell.m */,
			);
			path = views;
			sourceTree = "<group>";
		};
		FDE396FA1FA5BABC00143D1B /* Mine */ = {
			isa = PBXGroup;
			children = (
				FD282B3B1FAACE4400B2D52D /* Models */,
				FDE396FB1FA5BABC00143D1B /* Cells */,
				FDE396FE1FA5BABC00143D1B /* viewContrs */,
				FDE397051FA5BABC00143D1B /* views */,
			);
			path = Mine;
			sourceTree = "<group>";
		};
		FDE396FB1FA5BABC00143D1B /* Cells */ = {
			isa = PBXGroup;
			children = (
				FDE396FC1FA5BABC00143D1B /* CHArticleListTableViewCell.h */,
				FDE396FD1FA5BABC00143D1B /* CHArticleListTableViewCell.m */,
				FD06FBCC1FB5E2CF008F70CB /* CHMyOrderTableViewCell.h */,
				FD06FBCD1FB5E2CF008F70CB /* CHMyOrderTableViewCell.m */,
			);
			path = Cells;
			sourceTree = "<group>";
		};
		FDE396FE1FA5BABC00143D1B /* viewContrs */ = {
			isa = PBXGroup;
			children = (
				FDE397031FA5BABC00143D1B /* RootMineViewController.h */,
				FDE397041FA5BABC00143D1B /* RootMineViewController.m */,
				FDE396FF1FA5BABC00143D1B /* CHArticleAndServiceListViewController.h */,
				FDE397001FA5BABC00143D1B /* CHArticleAndServiceListViewController.m */,
				FDE397011FA5BABC00143D1B /* CHMyArticleAndServiceViewModel.h */,
				FDE397021FA5BABC00143D1B /* CHMyArticleAndServiceViewModel.m */,
				FDE46CAA1FAB21790013F684 /* CHStoreInfoViewController.h */,
				FDE46CAB1FAB21790013F684 /* CHStoreInfoViewController.m */,
				FD06FBC91FB5E18E008F70CB /* CHMyOrdersViewController.h */,
				FD06FBCA1FB5E18E008F70CB /* CHMyOrdersViewController.m */,
			);
			path = viewContrs;
			sourceTree = "<group>";
		};
		FDE397051FA5BABC00143D1B /* views */ = {
			isa = PBXGroup;
			children = (
				FDE397061FA5BABC00143D1B /* CellSPaceCollectionReusableView.h */,
				FDE397071FA5BABC00143D1B /* CellSPaceCollectionReusableView.m */,
				FDE397081FA5BABC00143D1B /* CellSPaceCollectionReusableView.xib */,
				FDE397091FA5BABC00143D1B /* MHMineHeaderCollectionReusableView.h */,
				FDE3970A1FA5BABC00143D1B /* MHMineHeaderCollectionReusableView.m */,
				FDE3970B1FA5BABC00143D1B /* MHMineHeaderCollectionReusableView.xib */,
				FDE3970C1FA5BABC00143D1B /* MineCollectionViewCell.h */,
				FDE3970D1FA5BABC00143D1B /* MineCollectionViewCell.m */,
				FDE3970E1FA5BABC00143D1B /* MineCollectionViewCell.xib */,
			);
			path = views;
			sourceTree = "<group>";
		};
		FDE397491FA5C80600143D1B /* Discover */ = {
			isa = PBXGroup;
			children = (
				FDE3974A1FA5C80600143D1B /* Models */,
				FDE3974D1FA5C80600143D1B /* viewContrs */,
				FDE397501FA5C80600143D1B /* Views */,
			);
			path = Discover;
			sourceTree = "<group>";
		};
		FDE3974A1FA5C80600143D1B /* Models */ = {
			isa = PBXGroup;
			children = (
				FDE3974B1FA5C80600143D1B /* CHDiscoverModel.h */,
				FDE3974C1FA5C80600143D1B /* CHDiscoverModel.m */,
			);
			path = Models;
			sourceTree = "<group>";
		};
		FDE3974D1FA5C80600143D1B /* viewContrs */ = {
			isa = PBXGroup;
			children = (
				FDE3974E1FA5C80600143D1B /* CHDiscoverViewController.h */,
				FDE3974F1FA5C80600143D1B /* CHDiscoverViewController.m */,
			);
			path = viewContrs;
			sourceTree = "<group>";
		};
		FDE397501FA5C80600143D1B /* Views */ = {
			isa = PBXGroup;
			children = (
				FDE397511FA5C80600143D1B /* CHDiscoverTableViewCell.h */,
				FDE397521FA5C80600143D1B /* CHDiscoverTableViewCell.m */,
			);
			path = Views;
			sourceTree = "<group>";
		};
		FDF4BAA71FB00F92002A90A3 /* ShoppingCart */ = {
			isa = PBXGroup;
			children = (
				FDF4BAAB1FB02497002A90A3 /* Cells */,
				FDF4BAA81FB00FAA002A90A3 /* CHShoppingCartViewController.h */,
				FDF4BAA91FB00FAA002A90A3 /* CHShoppingCartViewController.m */,
				FDF4BAAF1FB054E2002A90A3 /* CHSubmitOrderViewController.h */,
				FDF4BAB01FB054E2002A90A3 /* CHSubmitOrderViewController.m */,
				FD06FBBD1FB31DEF008F70CB /* CHInputAddressViewController.h */,
				FD06FBBE1FB31DEF008F70CB /* CHInputAddressViewController.m */,
			);
			path = ShoppingCart;
			sourceTree = "<group>";
		};
		FDF4BAAB1FB02497002A90A3 /* Cells */ = {
			isa = PBXGroup;
			children = (
				FDF4BAAC1FB024B3002A90A3 /* CHShoppingCartTableViewCell.h */,
				FDF4BAAD1FB024B3002A90A3 /* CHShoppingCartTableViewCell.m */,
			);
			path = Cells;
			sourceTree = "<group>";
		};
		FDFC98151FAE0B590039CF32 /* FindPeople */ = {
			isa = PBXGroup;
			children = (
				FDFC98161FAE0BAE0039CF32 /* CHFindPeopleBrowseView.h */,
				FDFC98171FAE0BAE0039CF32 /* CHFindPeopleBrowseView.m */,
			);
			name = FindPeople;
			sourceTree = "<group>";
		};
/* End PBXGroup section */

/* Begin PBXNativeTarget section */
		A9DA45FE1F1630C900E3DB17 /* shenbianapp */ = {
			isa = PBXNativeTarget;
			buildConfigurationList = A9DA462C1F1630CA00E3DB17 /* Build configuration list for PBXNativeTarget "shenbianapp" */;
			buildPhases = (
				C75D9560C6D90DD7FC9AC386 /* [CP] Check Pods Manifest.lock */,
				A9DA45FB1F1630C900E3DB17 /* Sources */,
				A9DA45FC1F1630C900E3DB17 /* Frameworks */,
				A9DA45FD1F1630C900E3DB17 /* Resources */,
				E55540464768C1AE42016042 /* [CP] Embed Pods Frameworks */,
				BDB976BADBC7BBAB8A0B1935 /* [CP] Copy Pods Resources */,
			);
			buildRules = (
			);
			dependencies = (
			);
			name = shenbianapp;
			productName = shenbianapp;
			productReference = A9DA45FF1F1630CA00E3DB17 /* shenbianapp.app */;
			productType = "com.apple.product-type.application";
		};
/* End PBXNativeTarget section */

/* Begin PBXProject section */
		A9DA45F71F1630C900E3DB17 /* Project object */ = {
			isa = PBXProject;
			attributes = {
				CLASSPREFIX = CH;
				LastUpgradeCheck = 0820;
				ORGANIZATIONNAME = helinkeji;
				TargetAttributes = {
					A9DA45FE1F1630C900E3DB17 = {
						CreatedOnToolsVersion = 8.2.1;
						DevelopmentTeam = 2D4PW32PQ8;
						ProvisioningStyle = Automatic;
					};
				};
			};
			buildConfigurationList = A9DA45FA1F1630C900E3DB17 /* Build configuration list for PBXProject "shenbianapp" */;
			compatibilityVersion = "Xcode 3.2";
			developmentRegion = English;
			hasScannedForEncodings = 0;
			knownRegions = (
				en,
				Base,
			);
			mainGroup = A9DA45F61F1630C900E3DB17;
			productRefGroup = A9DA46001F1630CA00E3DB17 /* Products */;
			projectDirPath = "";
			projectRoot = "";
			targets = (
				A9DA45FE1F1630C900E3DB17 /* shenbianapp */,
			);
		};
/* End PBXProject section */

/* Begin PBXResourcesBuildPhase section */
		A9DA45FD1F1630C900E3DB17 /* Resources */ = {
			isa = PBXResourcesBuildPhase;
			buildActionMask = 2147483647;
			files = (
				FD2F7E011FA4DE8900CF5B40 /* AlipaySDK.bundle in Resources */,
				FDE3972B1FA5BABC00143D1B /* CellSPaceCollectionReusableView.xib in Resources */,
				A9DDC3411F164FFB00CFB5F3 /* Main.storyboard in Resources */,
				FD0CFF6A1F6431D7004FA3CF /* CHPulishAnswer.xib in Resources */,
				FD0CFF681F640A21004FA3CF /* CHLoginAgreement.xib in Resources */,
				A9DA46121F1630CA00E3DB17 /* LaunchScreen.storyboard in Resources */,
				FDE3972D1FA5BABC00143D1B /* MHMineHeaderCollectionReusableView.xib in Resources */,
				FD2480171F682CDF00CA30BB /* MHBaseNavigationBar.xib in Resources */,
				A9DA460F1F1630CA00E3DB17 /* Assets.xcassets in Resources */,
				FDE3972F1FA5BABC00143D1B /* MineCollectionViewCell.xib in Resources */,
			);
			runOnlyForDeploymentPostprocessing = 0;
		};
/* End PBXResourcesBuildPhase section */

/* Begin PBXShellScriptBuildPhase section */
		BDB976BADBC7BBAB8A0B1935 /* [CP] Copy Pods Resources */ = {
			isa = PBXShellScriptBuildPhase;
			buildActionMask = 2147483647;
			files = (
			);
			inputPaths = (
				"${SRCROOT}/Pods/Target Support Files/Pods-shenbianapp/Pods-shenbianapp-resources.sh",
				"${PODS_ROOT}/AMap2DMap/MAMapKit.framework/AMap.bundle",
				"${PODS_ROOT}/IQKeyboardManager/IQKeyboardManager/Resources/IQKeyboardManager.bundle",
				"${PODS_ROOT}/MJRefresh/MJRefresh/MJRefresh.bundle",
				"${PODS_ROOT}/RongCloudIM/RongCloudIM/RongCloud.bundle",
				"${PODS_ROOT}/RongCloudIM/RongCloudIM/en.lproj",
				"${PODS_ROOT}/RongCloudIM/RongCloudIM/zh-Hans.lproj",
				"${PODS_ROOT}/RongCloudIM/RongCloudIM/Emoji.plist",
				"${PODS_ROOT}/RongCloudIM/RongCloudIM/RCConfig.plist",
				"${PODS_ROOT}/RongCloudIM/RongCloudIM/JrmfIMLib/JResource.bundle",
				"${PODS_ROOT}/RongCloudIM/RongCloudIM/JrmfIMLib/en.lproj",
				"${PODS_ROOT}/RongCloudIM/RongCloudIM/JrmfIMLib/zh-Hans.lproj",
				"${PODS_ROOT}/RongCloudIM/RongCloudIM/JrmfIMLib/jrmf.cer",
				"${PODS_ROOT}/RongCloudIM/RongCloudIM/AlipaySDK/AlipaySDK.bundle",
				"${PODS_ROOT}/RongCloudIM/RongCloudIM/BQMM.bundle",
			);
			name = "[CP] Copy Pods Resources";
			outputPaths = (
				"${TARGET_BUILD_DIR}/${UNLOCALIZED_RESOURCES_FOLDER_PATH}",
			);
			runOnlyForDeploymentPostprocessing = 0;
			shellPath = /bin/sh;
			shellScript = "\"${SRCROOT}/Pods/Target Support Files/Pods-shenbianapp/Pods-shenbianapp-resources.sh\"\n";
			showEnvVarsInLog = 0;
		};
		C75D9560C6D90DD7FC9AC386 /* [CP] Check Pods Manifest.lock */ = {
			isa = PBXShellScriptBuildPhase;
			buildActionMask = 2147483647;
			files = (
			);
			inputPaths = (
				"${PODS_PODFILE_DIR_PATH}/Podfile.lock",
				"${PODS_ROOT}/Manifest.lock",
			);
			name = "[CP] Check Pods Manifest.lock";
			outputPaths = (
				"$(DERIVED_FILE_DIR)/Pods-shenbianapp-checkManifestLockResult.txt",
			);
			runOnlyForDeploymentPostprocessing = 0;
			shellPath = /bin/sh;
			shellScript = "diff \"${PODS_PODFILE_DIR_PATH}/Podfile.lock\" \"${PODS_ROOT}/Manifest.lock\" > /dev/null\nif [ $? != 0 ] ; then\n    # print error to STDERR\n    echo \"error: The sandbox is not in sync with the Podfile.lock. Run 'pod install' or update your CocoaPods installation.\" >&2\n    exit 1\nfi\n# This output is used by Xcode 'outputs' to avoid re-running this script phase.\necho \"SUCCESS\" > \"${SCRIPT_OUTPUT_FILE_0}\"\n";
			showEnvVarsInLog = 0;
		};
		E55540464768C1AE42016042 /* [CP] Embed Pods Frameworks */ = {
			isa = PBXShellScriptBuildPhase;
			buildActionMask = 2147483647;
			files = (
			);
			inputPaths = (
			);
			name = "[CP] Embed Pods Frameworks";
			outputPaths = (
			);
			runOnlyForDeploymentPostprocessing = 0;
			shellPath = /bin/sh;
			shellScript = "\"${SRCROOT}/Pods/Target Support Files/Pods-shenbianapp/Pods-shenbianapp-frameworks.sh\"\n";
			showEnvVarsInLog = 0;
		};
/* End PBXShellScriptBuildPhase section */

/* Begin PBXSourcesBuildPhase section */
		A9DA45FB1F1630C900E3DB17 /* Sources */ = {
			isa = PBXSourcesBuildPhase;
			buildActionMask = 2147483647;
			files = (
				FD2480211F6836F500CA30BB /* AppDelegate.m in Sources */,
				A99FB6A91F1AEEEA00D6C447 /* MHCollectionViewFlowLayout.m in Sources */,
				FD06FBC81FB5CAAD008F70CB /* CHSelectCategoryViewController.m in Sources */,
				FDE3972E1FA5BABC00143D1B /* MineCollectionViewCell.m in Sources */,
				FDC79DCE1FADD07500C3D464 /* CHFindServiceOptimizedView.m in Sources */,
				FD22A6081FAC2B6B00C1F926 /* CHFindServiceViewController.m in Sources */,
				FDE3971A1FA5BABC00143D1B /* CHMerchantView.m in Sources */,
				FDE3971C1FA5BABC00143D1B /* CHOverbalanceCollectionViewCell.m in Sources */,
				FD9448AD1F52EE3D001FC5CD /* CHNetWorkHelper.m in Sources */,
				FD2C93281F9363D8007984D0 /* CHPublishServiceModel.m in Sources */,
				FD8FFFB91FAD810A002A81ED /* CHFindServiceBrowseView.m in Sources */,
				FDE397261FA5BABC00143D1B /* CHArticleListTableViewCell.m in Sources */,
				FD06FBCB1FB5E18E008F70CB /* CHMyOrdersViewController.m in Sources */,
				FDDD73411F6C37E100652666 /* CHServiceCellModel.m in Sources */,
				FDAE51C91FAC4ECD00A8FF10 /* CHFindServiceHeadView.m in Sources */,
				FD2480131F682CDF00CA30BB /* CHBasePresentViewController.m in Sources */,
				FDA1BF551FB68F2500AE64B7 /* CHFocusTableViewCell.m in Sources */,
				FDA1BF521FB68E0600AE64B7 /* CHFocusViewController.m in Sources */,
				FDE397181FA5BABC00143D1B /* CHCategoryCollectionViewCell.m in Sources */,
				FD3E39551FAEAD93009E78CB /* CHSearchJobTableViewCell.m in Sources */,
				FDC360701F483D9E00AC4A81 /* CHPublishViewController.m in Sources */,
				FD2480161F682CDF00CA30BB /* MHBaseNavigationBar.m in Sources */,
				FD06FBBF1FB31DEF008F70CB /* CHInputAddressViewController.m in Sources */,
				FD3D88891FDBF77F0034083C /* HeaderView.m in Sources */,
				FD282B441FAACF0600B2D52D /* CHMineModel.m in Sources */,
				FDDDC1161F77C01500242F3E /* CHPublishArticleModel.m in Sources */,
				FDE397141FA5BABC00143D1B /* CHOverbalanceModel.m in Sources */,
				FDE397551FA5C80600143D1B /* CHDiscoverTableViewCell.m in Sources */,
				FDE397271FA5BABC00143D1B /* CHArticleAndServiceListViewController.m in Sources */,
				FDF4BAAE1FB024B3002A90A3 /* CHShoppingCartTableViewCell.m in Sources */,
				FD7967B31F6ADB890049DCDB /* CHServiceBottomView.m in Sources */,
				FDAE51CC1FAC7CE100A8FF10 /* CHFindServicePopPanel.m in Sources */,
				A99FB68C1F186EA100D6C447 /* UIView+Extension.m in Sources */,
				FDE397171FA5BABC00143D1B /* CHCardsPanelView.m in Sources */,
				FDE397161FA5BABC00143D1B /* RootHeaderViewController.m in Sources */,
				FD2480221F6836F500CA30BB /* MainViewController.m in Sources */,
				FDE3971D1FA5BABC00143D1B /* CHOverbalanceView.m in Sources */,
				FDDDC10B1F7768B600242F3E /* CHArticleDetailsTableViewCell.m in Sources */,
				A99FB6951F18764200D6C447 /* LXButton.m in Sources */,
				FD4611981F483601005D4FF6 /* HQTabBar.m in Sources */,
				FDE3971F1FA5BABC00143D1B /* HomeNavView.m in Sources */,
				FDC360731F484DA700AC4A81 /* CHPublishArticleViewController.m in Sources */,
				FDF4BAAA1FB00FAA002A90A3 /* CHShoppingCartViewController.m in Sources */,
				FD8F2D471F6E464500C2BA13 /* CHArticleDetailsViewController.m in Sources */,
				FDE397531FA5C80600143D1B /* CHDiscoverModel.m in Sources */,
				FD22A6021FAC287D00C1F926 /* CHFJobSearchViewController.m in Sources */,
				FD1774201F4955B000476D98 /* UIView+Dashline.m in Sources */,
				FDE397221FA5BABC00143D1B /* CHChatRoomViewController.m in Sources */,
				FD24801B1F682DF700CA30BB /* CHServiceDetailsViewController.m in Sources */,
				FD2480121F682CDF00CA30BB /* CHBaseNavgationViewController.m in Sources */,
				FD7967AD1F6ADA1B0049DCDB /* CHServiceUperView.m in Sources */,
				FD2480111F682CDF00CA30BB /* BaseViewController.m in Sources */,
				FDDDC10E1F777ED300242F3E /* CHArticleContentView.m in Sources */,
				FDE397131FA5BABC00143D1B /* CHMerchentModel.m in Sources */,
				FDE46CAC1FAB21790013F684 /* CHStoreInfoViewController.m in Sources */,
				FD0CFF5F1F63F7FB004FA3CF /* CHLoginVCModel.m in Sources */,
				FD22A6051FAC2B5900C1F926 /* CHFindPeopleViewController.m in Sources */,
				A99FB6891F186E2000D6C447 /* UIView+UIViewAdditions.m in Sources */,
				FDE3972A1FA5BABC00143D1B /* CellSPaceCollectionReusableView.m in Sources */,
				FD0CFF6D1F64545C004FA3CF /* CHPublishServiceTableViewCell.m in Sources */,
				FDE397211FA5BABC00143D1B /* CHChatLocationViewController.m in Sources */,
				A99FB6861F186CDA00D6C447 /* UIColor+Common.m in Sources */,
				FDE397191FA5BABC00143D1B /* CHMapView.m in Sources */,
				FD2AC5C11F6D0A0800C45C75 /* CHServiceTableViewCell.m in Sources */,
				FDE397251FA5BABC00143D1B /* CHMessageTableViewCell.m in Sources */,
				FDE397201FA5BABC00143D1B /* CHMessageModel.m in Sources */,
				A9DA46041F1630CA00E3DB17 /* main.m in Sources */,
				FDE397291FA5BABC00143D1B /* RootMineViewController.m in Sources */,
				FD282B411FAACEA900B2D52D /* CHStoreInfoModel.m in Sources */,
				FDF4BAB11FB054E2002A90A3 /* CHSubmitOrderViewController.m in Sources */,
				FDE397281FA5BABC00143D1B /* CHMyArticleAndServiceViewModel.m in Sources */,
				FD06FBCE1FB5E2CF008F70CB /* CHMyOrderTableViewCell.m in Sources */,
				FDE397151FA5BABC00143D1B /* RootObjectModel.m in Sources */,
				FDFC98181FAE0BAE0039CF32 /* CHFindPeopleBrowseView.m in Sources */,
				FDC360761F484DC700AC4A81 /* CHPublishServeViewController.m in Sources */,
				FD2480141F682CDF00CA30BB /* CHBaseViewCModel.m in Sources */,
				FD2F7DF81FA4BBD600CF5B40 /* CHGlobalDataHelper.m in Sources */,
				FDEECDFC1FB977310035195F /* CHOverBalanceViewController.m in Sources */,
				FD3E39581FAEF005009E78CB /* CHServiceAllSerViewController.m in Sources */,
				FDE397121FA5BABC00143D1B /* CHCategoryItemModel.m in Sources */,
				FDE397111FA5BABC00143D1B /* CHCardsPanelModel.m in Sources */,
				FD06FBC31FB590AE008F70CB /* CHLoacationSearchViewController.m in Sources */,
				FDE3971B1FA5BABC00143D1B /* CHMerchentTableViewCell.m in Sources */,
				FDE0A3B01FAF075800058149 /* CHAllServiceTableViewCell.m in Sources */,
				FDE3972C1FA5BABC00143D1B /* MHMineHeaderCollectionReusableView.m in Sources */,
				FDE397241FA5BABC00143D1B /* CHMessageViewController.m in Sources */,
				FD5919301F63167900FD7913 /* CHLoginViewController.m in Sources */,
				FDE0A3B41FAF15C600058149 /* CHSeeMapViewController.m in Sources */,
				FDE397541FA5C80600143D1B /* CHDiscoverViewController.m in Sources */,
			);
			runOnlyForDeploymentPostprocessing = 0;
		};
/* End PBXSourcesBuildPhase section */

/* Begin PBXVariantGroup section */
		A9DA46101F1630CA00E3DB17 /* LaunchScreen.storyboard */ = {
			isa = PBXVariantGroup;
			children = (
				A9DA46111F1630CA00E3DB17 /* Base */,
			);
			name = LaunchScreen.storyboard;
			sourceTree = "<group>";
		};
/* End PBXVariantGroup section */

/* Begin XCBuildConfiguration section */
		A9DA462A1F1630CA00E3DB17 /* Debug */ = {
			isa = XCBuildConfiguration;
			buildSettings = {
				ALWAYS_SEARCH_USER_PATHS = NO;
				CLANG_ANALYZER_NONNULL = YES;
				CLANG_CXX_LANGUAGE_STANDARD = "gnu++0x";
				CLANG_CXX_LIBRARY = "libc++";
				CLANG_ENABLE_MODULES = YES;
				CLANG_ENABLE_OBJC_ARC = YES;
				CLANG_WARN_BOOL_CONVERSION = YES;
				CLANG_WARN_CONSTANT_CONVERSION = YES;
				CLANG_WARN_DIRECT_OBJC_ISA_USAGE = YES_ERROR;
				CLANG_WARN_DOCUMENTATION_COMMENTS = YES;
				CLANG_WARN_EMPTY_BODY = YES;
				CLANG_WARN_ENUM_CONVERSION = YES;
				CLANG_WARN_INFINITE_RECURSION = YES;
				CLANG_WARN_INT_CONVERSION = YES;
				CLANG_WARN_OBJC_ROOT_CLASS = YES_ERROR;
				CLANG_WARN_SUSPICIOUS_MOVE = YES;
				CLANG_WARN_UNREACHABLE_CODE = YES;
				CLANG_WARN__DUPLICATE_METHOD_MATCH = YES;
				"CODE_SIGN_IDENTITY[sdk=iphoneos*]" = "iPhone Developer";
				COPY_PHASE_STRIP = NO;
				DEBUG_INFORMATION_FORMAT = dwarf;
				ENABLE_STRICT_OBJC_MSGSEND = YES;
				ENABLE_TESTABILITY = YES;
				GCC_C_LANGUAGE_STANDARD = gnu99;
				GCC_DYNAMIC_NO_PIC = NO;
				GCC_NO_COMMON_BLOCKS = YES;
				GCC_OPTIMIZATION_LEVEL = 0;
				GCC_PREPROCESSOR_DEFINITIONS = (
					"DEBUG=1",
					"$(inherited)",
				);
				GCC_WARN_64_TO_32_BIT_CONVERSION = YES;
				GCC_WARN_ABOUT_RETURN_TYPE = YES_ERROR;
				GCC_WARN_UNDECLARED_SELECTOR = YES;
				GCC_WARN_UNINITIALIZED_AUTOS = YES_AGGRESSIVE;
				GCC_WARN_UNUSED_FUNCTION = YES;
				GCC_WARN_UNUSED_VARIABLE = YES;
				IPHONEOS_DEPLOYMENT_TARGET = 10.2;
				MTL_ENABLE_DEBUG_INFO = YES;
				ONLY_ACTIVE_ARCH = YES;
				SDKROOT = iphoneos;
				TARGETED_DEVICE_FAMILY = "1,2";
			};
			name = Debug;
		};
		A9DA462B1F1630CA00E3DB17 /* Release */ = {
			isa = XCBuildConfiguration;
			buildSettings = {
				ALWAYS_SEARCH_USER_PATHS = NO;
				CLANG_ANALYZER_NONNULL = YES;
				CLANG_CXX_LANGUAGE_STANDARD = "gnu++0x";
				CLANG_CXX_LIBRARY = "libc++";
				CLANG_ENABLE_MODULES = YES;
				CLANG_ENABLE_OBJC_ARC = YES;
				CLANG_WARN_BOOL_CONVERSION = YES;
				CLANG_WARN_CONSTANT_CONVERSION = YES;
				CLANG_WARN_DIRECT_OBJC_ISA_USAGE = YES_ERROR;
				CLANG_WARN_DOCUMENTATION_COMMENTS = YES;
				CLANG_WARN_EMPTY_BODY = YES;
				CLANG_WARN_ENUM_CONVERSION = YES;
				CLANG_WARN_INFINITE_RECURSION = YES;
				CLANG_WARN_INT_CONVERSION = YES;
				CLANG_WARN_OBJC_ROOT_CLASS = YES_ERROR;
				CLANG_WARN_SUSPICIOUS_MOVE = YES;
				CLANG_WARN_UNREACHABLE_CODE = YES;
				CLANG_WARN__DUPLICATE_METHOD_MATCH = YES;
				"CODE_SIGN_IDENTITY[sdk=iphoneos*]" = "iPhone Developer";
				COPY_PHASE_STRIP = NO;
				DEBUG_INFORMATION_FORMAT = "dwarf-with-dsym";
				ENABLE_NS_ASSERTIONS = NO;
				ENABLE_STRICT_OBJC_MSGSEND = YES;
				GCC_C_LANGUAGE_STANDARD = gnu99;
				GCC_NO_COMMON_BLOCKS = YES;
				GCC_WARN_64_TO_32_BIT_CONVERSION = YES;
				GCC_WARN_ABOUT_RETURN_TYPE = YES_ERROR;
				GCC_WARN_UNDECLARED_SELECTOR = YES;
				GCC_WARN_UNINITIALIZED_AUTOS = YES_AGGRESSIVE;
				GCC_WARN_UNUSED_FUNCTION = YES;
				GCC_WARN_UNUSED_VARIABLE = YES;
				IPHONEOS_DEPLOYMENT_TARGET = 10.2;
				MTL_ENABLE_DEBUG_INFO = NO;
				SDKROOT = iphoneos;
				TARGETED_DEVICE_FAMILY = "1,2";
				VALIDATE_PRODUCT = YES;
			};
			name = Release;
		};
		A9DA462D1F1630CA00E3DB17 /* Debug */ = {
			isa = XCBuildConfiguration;
			baseConfigurationReference = 581124BAB8EFB6F3CB2D9F2C /* Pods-shenbianapp.debug.xcconfig */;
			buildSettings = {
				ASSETCATALOG_COMPILER_APPICON_NAME = AppIcon;
				ASSETCATALOG_COMPILER_LAUNCHIMAGE_NAME = LaunchImage;
				"CODE_SIGN_IDENTITY[sdk=iphoneos*]" = "iPhone Developer";
				DEVELOPMENT_TEAM = 2D4PW32PQ8;
				EMBED_ASSET_PACKS_IN_PRODUCT_BUNDLE = NO;
				ENABLE_BITCODE = NO;
				FRAMEWORK_SEARCH_PATHS = (
					"$(inherited)",
					"$(PROJECT_DIR)/shenbianapp/ThirdLibs",
					"$(PROJECT_DIR)/shenbianapp/ThirdLibs/Alipay",
				);
				GCC_PRECOMPILE_PREFIX_HEADER = YES;
				GCC_PREFIX_HEADER = "$(SRCROOT)/shenbianapp/shenbianHeader.pch";
				INFOPLIST_FILE = shenbianapp/Info.plist;
				IPHONEOS_DEPLOYMENT_TARGET = 8.0;
				LD_RUNPATH_SEARCH_PATHS = "$(inherited) @executable_path/Frameworks";
				PRODUCT_BUNDLE_IDENTIFIER = com.yixiang.uservice;
				PRODUCT_NAME = "$(TARGET_NAME)";
				PROVISIONING_PROFILE_SPECIFIER = "";
				TARGETED_DEVICE_FAMILY = 1;
			};
			name = Debug;
		};
		A9DA462E1F1630CA00E3DB17 /* Release */ = {
			isa = XCBuildConfiguration;
			baseConfigurationReference = D0437902C935BCE328CB8E82 /* Pods-shenbianapp.release.xcconfig */;
			buildSettings = {
				ASSETCATALOG_COMPILER_APPICON_NAME = AppIcon;
				ASSETCATALOG_COMPILER_LAUNCHIMAGE_NAME = LaunchImage;
				"CODE_SIGN_IDENTITY[sdk=iphoneos*]" = "iPhone Developer";
				DEVELOPMENT_TEAM = 2D4PW32PQ8;
				EMBED_ASSET_PACKS_IN_PRODUCT_BUNDLE = NO;
				ENABLE_BITCODE = NO;
				FRAMEWORK_SEARCH_PATHS = (
					"$(inherited)",
					"$(PROJECT_DIR)/shenbianapp/ThirdLibs",
					"$(PROJECT_DIR)/shenbianapp/ThirdLibs/Alipay",
				);
				GCC_PRECOMPILE_PREFIX_HEADER = YES;
				GCC_PREFIX_HEADER = "$(SRCROOT)/shenbianapp/shenbianHeader.pch";
				INFOPLIST_FILE = shenbianapp/Info.plist;
				IPHONEOS_DEPLOYMENT_TARGET = 8.0;
				LD_RUNPATH_SEARCH_PATHS = "$(inherited) @executable_path/Frameworks";
				PRODUCT_BUNDLE_IDENTIFIER = com.yixiang.uservice;
				PRODUCT_NAME = "$(TARGET_NAME)";
				PROVISIONING_PROFILE_SPECIFIER = "";
				TARGETED_DEVICE_FAMILY = 1;
			};
			name = Release;
		};
/* End XCBuildConfiguration section */

/* Begin XCConfigurationList section */
		A9DA45FA1F1630C900E3DB17 /* Build configuration list for PBXProject "shenbianapp" */ = {
			isa = XCConfigurationList;
			buildConfigurations = (
				A9DA462A1F1630CA00E3DB17 /* Debug */,
				A9DA462B1F1630CA00E3DB17 /* Release */,
			);
			defaultConfigurationIsVisible = 0;
			defaultConfigurationName = Release;
		};
		A9DA462C1F1630CA00E3DB17 /* Build configuration list for PBXNativeTarget "shenbianapp" */ = {
			isa = XCConfigurationList;
			buildConfigurations = (
				A9DA462D1F1630CA00E3DB17 /* Debug */,
				A9DA462E1F1630CA00E3DB17 /* Release */,
			);
			defaultConfigurationIsVisible = 0;
			defaultConfigurationName = Release;
		};
/* End XCConfigurationList section */
	};
	rootObject = A9DA45F71F1630C900E3DB17 /* Project object */;
}
